// !$*UTF8*$!
{
	archiveVersion = 1;
	classes = {
	};
	objectVersion = 77;
	objects = {

/* Begin PBXContainerItemProxy section */
		23A4D7712D5DB4D1008D9C51 /* PBXContainerItemProxy */ = {
			isa = PBXContainerItemProxy;
			containerPortal = 23A4D7582D5DB4D0008D9C51 /* Project object */;
			proxyType = 1;
			remoteGlobalIDString = 23A4D75F2D5DB4D0008D9C51;
			remoteInfo = SwiftUIDay04Ex02FileManager;
		};
		23A4D77B2D5DB4D1008D9C51 /* PBXContainerItemProxy */ = {
			isa = PBXContainerItemProxy;
			containerPortal = 23A4D7582D5DB4D0008D9C51 /* Project object */;
			proxyType = 1;
			remoteGlobalIDString = 23A4D75F2D5DB4D0008D9C51;
			remoteInfo = SwiftUIDay04Ex02FileManager;
		};
/* End PBXContainerItemProxy section */

/* Begin PBXFileReference section */
		23A4D7602D5DB4D0008D9C51 /* SwiftUIDay04Ex02FileManager.app */ = {isa = PBXFileReference; explicitFileType = wrapper.application; includeInIndex = 0; path = SwiftUIDay04Ex02FileManager.app; sourceTree = BUILT_PRODUCTS_DIR; };
		23A4D7702D5DB4D1008D9C51 /* SwiftUIDay04Ex02FileManagerTests.xctest */ = {isa = PBXFileReference; explicitFileType = wrapper.cfbundle; includeInIndex = 0; path = SwiftUIDay04Ex02FileManagerTests.xctest; sourceTree = BUILT_PRODUCTS_DIR; };
		23A4D77A2D5DB4D1008D9C51 /* SwiftUIDay04Ex02FileManagerUITests.xctest */ = {isa = PBXFileReference; explicitFileType = wrapper.cfbundle; includeInIndex = 0; path = SwiftUIDay04Ex02FileManagerUITests.xctest; sourceTree = BUILT_PRODUCTS_DIR; };
/* End PBXFileReference section */

/* Begin PBXFileSystemSynchronizedRootGroup section */
		23A4D7622D5DB4D0008D9C51 /* SwiftUIDay04Ex02FileManager */ = {
			isa = PBXFileSystemSynchronizedRootGroup;
			path = SwiftUIDay04Ex02FileManager;
			sourceTree = "<group>";
		};
		23A4D7732D5DB4D1008D9C51 /* SwiftUIDay04Ex02FileManagerTests */ = {
			isa = PBXFileSystemSynchronizedRootGroup;
			path = SwiftUIDay04Ex02FileManagerTests;
			sourceTree = "<group>";
		};
		23A4D77D2D5DB4D1008D9C51 /* SwiftUIDay04Ex02FileManagerUITests */ = {
			isa = PBXFileSystemSynchronizedRootGroup;
			path = SwiftUIDay04Ex02FileManagerUITests;
			sourceTree = "<group>";
		};
/* End PBXFileSystemSynchronizedRootGroup section */

/* Begin PBXFrameworksBuildPhase section */
		23A4D75D2D5DB4D0008D9C51 /* Frameworks */ = {
			isa = PBXFrameworksBuildPhase;
			buildActionMask = 2147483647;
			files = (
			);
			runOnlyForDeploymentPostprocessing = 0;
		};
		23A4D76D2D5DB4D1008D9C51 /* Frameworks */ = {
			isa = PBXFrameworksBuildPhase;
			buildActionMask = 2147483647;
			files = (
			);
			runOnlyForDeploymentPostprocessing = 0;
		};
		23A4D7772D5DB4D1008D9C51 /* Frameworks */ = {
			isa = PBXFrameworksBuildPhase;
			buildActionMask = 2147483647;
			files = (
			);
			runOnlyForDeploymentPostprocessing = 0;
		};
/* End PBXFrameworksBuildPhase section */

/* Begin PBXGroup section */
		23A4D7572D5DB4D0008D9C51 = {
			isa = PBXGroup;
			children = (
				23A4D7622D5DB4D0008D9C51 /* SwiftUIDay04Ex02FileManager */,
				23A4D7732D5DB4D1008D9C51 /* SwiftUIDay04Ex02FileManagerTests */,
				23A4D77D2D5DB4D1008D9C51 /* SwiftUIDay04Ex02FileManagerUITests */,
				23A4D7612D5DB4D0008D9C51 /* Products */,
			);
			sourceTree = "<group>";
		};
		23A4D7612D5DB4D0008D9C51 /* Products */ = {
			isa = PBXGroup;
			children = (
				23A4D7602D5DB4D0008D9C51 /* SwiftUIDay04Ex02FileManager.app */,
				23A4D7702D5DB4D1008D9C51 /* SwiftUIDay04Ex02FileManagerTests.xctest */,
				23A4D77A2D5DB4D1008D9C51 /* SwiftUIDay04Ex02FileManagerUITests.xctest */,
			);
			name = Products;
			sourceTree = "<group>";
		};
/* End PBXGroup section */

/* Begin PBXNativeTarget section */
		23A4D75F2D5DB4D0008D9C51 /* SwiftUIDay04Ex02FileManager */ = {
			isa = PBXNativeTarget;
			buildConfigurationList = 23A4D7842D5DB4D1008D9C51 /* Build configuration list for PBXNativeTarget "SwiftUIDay04Ex02FileManager" */;
			buildPhases = (
				23A4D75C2D5DB4D0008D9C51 /* Sources */,
				23A4D75D2D5DB4D0008D9C51 /* Frameworks */,
				23A4D75E2D5DB4D0008D9C51 /* Resources */,
			);
			buildRules = (
			);
			dependencies = (
			);
			fileSystemSynchronizedGroups = (
				23A4D7622D5DB4D0008D9C51 /* SwiftUIDay04Ex02FileManager */,
			);
			name = SwiftUIDay04Ex02FileManager;
			packageProductDependencies = (
			);
			productName = SwiftUIDay04Ex02FileManager;
			productReference = 23A4D7602D5DB4D0008D9C51 /* SwiftUIDay04Ex02FileManager.app */;
			productType = "com.apple.product-type.application";
		};
		23A4D76F2D5DB4D1008D9C51 /* SwiftUIDay04Ex02FileManagerTests */ = {
			isa = PBXNativeTarget;
			buildConfigurationList = 23A4D7872D5DB4D1008D9C51 /* Build configuration list for PBXNativeTarget "SwiftUIDay04Ex02FileManagerTests" */;
			buildPhases = (
				23A4D76C2D5DB4D1008D9C51 /* Sources */,
				23A4D76D2D5DB4D1008D9C51 /* Frameworks */,
				23A4D76E2D5DB4D1008D9C51 /* Resources */,
			);
			buildRules = (
			);
			dependencies = (
				23A4D7722D5DB4D1008D9C51 /* PBXTargetDependency */,
			);
			fileSystemSynchronizedGroups = (
				23A4D7732D5DB4D1008D9C51 /* SwiftUIDay04Ex02FileManagerTests */,
			);
			name = SwiftUIDay04Ex02FileManagerTests;
			packageProductDependencies = (
			);
			productName = SwiftUIDay04Ex02FileManagerTests;
			productReference = 23A4D7702D5DB4D1008D9C51 /* SwiftUIDay04Ex02FileManagerTests.xctest */;
			productType = "com.apple.product-type.bundle.unit-test";
		};
		23A4D7792D5DB4D1008D9C51 /* SwiftUIDay04Ex02FileManagerUITests */ = {
			isa = PBXNativeTarget;
			buildConfigurationList = 23A4D78A2D5DB4D1008D9C51 /* Build configuration list for PBXNativeTarget "SwiftUIDay04Ex02FileManagerUITests" */;
			buildPhases = (
				23A4D7762D5DB4D1008D9C51 /* Sources */,
				23A4D7772D5DB4D1008D9C51 /* Frameworks */,
				23A4D7782D5DB4D1008D9C51 /* Resources */,
			);
			buildRules = (
			);
			dependencies = (
				23A4D77C2D5DB4D1008D9C51 /* PBXTargetDependency */,
			);
			fileSystemSynchronizedGroups = (
				23A4D77D2D5DB4D1008D9C51 /* SwiftUIDay04Ex02FileManagerUITests */,
			);
			name = SwiftUIDay04Ex02FileManagerUITests;
			packageProductDependencies = (
			);
			productName = SwiftUIDay04Ex02FileManagerUITests;
			productReference = 23A4D77A2D5DB4D1008D9C51 /* SwiftUIDay04Ex02FileManagerUITests.xctest */;
			productType = "com.apple.product-type.bundle.ui-testing";
		};
/* End PBXNativeTarget section */

/* Begin PBXProject section */
		23A4D7582D5DB4D0008D9C51 /* Project object */ = {
			isa = PBXProject;
			attributes = {
				BuildIndependentTargetsInParallel = 1;
				LastSwiftUpdateCheck = 1620;
				LastUpgradeCheck = 1620;
				TargetAttributes = {
					23A4D75F2D5DB4D0008D9C51 = {
						CreatedOnToolsVersion = 16.2;
					};
					23A4D76F2D5DB4D1008D9C51 = {
						CreatedOnToolsVersion = 16.2;
						TestTargetID = 23A4D75F2D5DB4D0008D9C51;
					};
					23A4D7792D5DB4D1008D9C51 = {
						CreatedOnToolsVersion = 16.2;
						TestTargetID = 23A4D75F2D5DB4D0008D9C51;
					};
				};
			};
			buildConfigurationList = 23A4D75B2D5DB4D0008D9C51 /* Build configuration list for PBXProject "SwiftUIDay04Ex02FileManager" */;
			developmentRegion = en;
			hasScannedForEncodings = 0;
			knownRegions = (
				en,
				Base,
			);
			mainGroup = 23A4D7572D5DB4D0008D9C51;
			minimizedProjectReferenceProxies = 1;
			preferredProjectObjectVersion = 77;
			productRefGroup = 23A4D7612D5DB4D0008D9C51 /* Products */;
			projectDirPath = "";
			projectRoot = "";
			targets = (
				23A4D75F2D5DB4D0008D9C51 /* SwiftUIDay04Ex02FileManager */,
				23A4D76F2D5DB4D1008D9C51 /* SwiftUIDay04Ex02FileManagerTests */,
				23A4D7792D5DB4D1008D9C51 /* SwiftUIDay04Ex02FileManagerUITests */,
			);
		};
/* End PBXProject section */

/* Begin PBXResourcesBuildPhase section */
		23A4D75E2D5DB4D0008D9C51 /* Resources */ = {
			isa = PBXResourcesBuildPhase;
			buildActionMask = 2147483647;
			files = (
			);
			runOnlyForDeploymentPostprocessing = 0;
		};
		23A4D76E2D5DB4D1008D9C51 /* Resources */ = {
			isa = PBXResourcesBuildPhase;
			buildActionMask = 2147483647;
			files = (
			);
			runOnlyForDeploymentPostprocessing = 0;
		};
		23A4D7782D5DB4D1008D9C51 /* Resources */ = {
			isa = PBXResourcesBuildPhase;
			buildActionMask = 2147483647;
			files = (
			);
			runOnlyForDeploymentPostprocessing = 0;
		};
/* End PBXResourcesBuildPhase section */

/* Begin PBXSourcesBuildPhase section */
		23A4D75C2D5DB4D0008D9C51 /* Sources */ = {
			isa = PBXSourcesBuildPhase;
			buildActionMask = 2147483647;
			files = (
			);
			runOnlyForDeploymentPostprocessing = 0;
		};
		23A4D76C2D5DB4D1008D9C51 /* Sources */ = {
			isa = PBXSourcesBuildPhase;
			buildActionMask = 2147483647;
			files = (
			);
			runOnlyForDeploymentPostprocessing = 0;
		};
		23A4D7762D5DB4D1008D9C51 /* Sources */ = {
			isa = PBXSourcesBuildPhase;
			buildActionMask = 2147483647;
			files = (
			);
			runOnlyForDeploymentPostprocessing = 0;
		};
/* End PBXSourcesBuildPhase section */

/* Begin PBXTargetDependency section */
		23A4D7722D5DB4D1008D9C51 /* PBXTargetDependency */ = {
			isa = PBXTargetDependency;
			target = 23A4D75F2D5DB4D0008D9C51 /* SwiftUIDay04Ex02FileManager */;
			targetProxy = 23A4D7712D5DB4D1008D9C51 /* PBXContainerItemProxy */;
		};
		23A4D77C2D5DB4D1008D9C51 /* PBXTargetDependency */ = {
			isa = PBXTargetDependency;
			target = 23A4D75F2D5DB4D0008D9C51 /* SwiftUIDay04Ex02FileManager */;
			targetProxy = 23A4D77B2D5DB4D1008D9C51 /* PBXContainerItemProxy */;
		};
/* End PBXTargetDependency section */

/* Begin XCBuildConfiguration section */
		23A4D7822D5DB4D1008D9C51 /* Debug */ = {
			isa = XCBuildConfiguration;
			buildSettings = {
				ALWAYS_SEARCH_USER_PATHS = NO;
				ASSETCATALOG_COMPILER_GENERATE_SWIFT_ASSET_SYMBOL_EXTENSIONS = YES;
				CLANG_ANALYZER_NONNULL = YES;
				CLANG_ANALYZER_NUMBER_OBJECT_CONVERSION = YES_AGGRESSIVE;
				CLANG_CXX_LANGUAGE_STANDARD = "gnu++20";
				CLANG_ENABLE_MODULES = YES;
				CLANG_ENABLE_OBJC_ARC = YES;
				CLANG_ENABLE_OBJC_WEAK = YES;
				CLANG_WARN_BLOCK_CAPTURE_AUTORELEASING = YES;
				CLANG_WARN_BOOL_CONVERSION = YES;
				CLANG_WARN_COMMA = YES;
				CLANG_WARN_CONSTANT_CONVERSION = YES;
				CLANG_WARN_DEPRECATED_OBJC_IMPLEMENTATIONS = YES;
				CLANG_WARN_DIRECT_OBJC_ISA_USAGE = YES_ERROR;
				CLANG_WARN_DOCUMENTATION_COMMENTS = YES;
				CLANG_WARN_EMPTY_BODY = YES;
				CLANG_WARN_ENUM_CONVERSION = YES;
				CLANG_WARN_INFINITE_RECURSION = YES;
				CLANG_WARN_INT_CONVERSION = YES;
				CLANG_WARN_NON_LITERAL_NULL_CONVERSION = YES;
				CLANG_WARN_OBJC_IMPLICIT_RETAIN_SELF = YES;
				CLANG_WARN_OBJC_LITERAL_CONVERSION = YES;
				CLANG_WARN_OBJC_ROOT_CLASS = YES_ERROR;
				CLANG_WARN_QUOTED_INCLUDE_IN_FRAMEWORK_HEADER = YES;
				CLANG_WARN_RANGE_LOOP_ANALYSIS = YES;
				CLANG_WARN_STRICT_PROTOTYPES = YES;
				CLANG_WARN_SUSPICIOUS_MOVE = YES;
				CLANG_WARN_UNGUARDED_AVAILABILITY = YES_AGGRESSIVE;
				CLANG_WARN_UNREACHABLE_CODE = YES;
				CLANG_WARN__DUPLICATE_METHOD_MATCH = YES;
				COPY_PHASE_STRIP = NO;
				DEBUG_INFORMATION_FORMAT = dwarf;
				ENABLE_STRICT_OBJC_MSGSEND = YES;
				ENABLE_TESTABILITY = YES;
				ENABLE_USER_SCRIPT_SANDBOXING = YES;
				GCC_C_LANGUAGE_STANDARD = gnu17;
				GCC_DYNAMIC_NO_PIC = NO;
				GCC_NO_COMMON_BLOCKS = YES;
				GCC_OPTIMIZATION_LEVEL = 0;
				GCC_PREPROCESSOR_DEFINITIONS = (
					"DEBUG=1",
					"$(inherited)",
				);
				GCC_WARN_64_TO_32_BIT_CONVERSION = YES;
				GCC_WARN_ABOUT_RETURN_TYPE = YES_ERROR;
				GCC_WARN_UNDECLARED_SELECTOR = YES;
				GCC_WARN_UNINITIALIZED_AUTOS = YES_AGGRESSIVE;
				GCC_WARN_UNUSED_FUNCTION = YES;
				GCC_WARN_UNUSED_VARIABLE = YES;
				IPHONEOS_DEPLOYMENT_TARGET = 18.2;
				LOCALIZATION_PREFERS_STRING_CATALOGS = YES;
				MTL_ENABLE_DEBUG_INFO = INCLUDE_SOURCE;
				MTL_FAST_MATH = YES;
				ONLY_ACTIVE_ARCH = YES;
				SDKROOT = iphoneos;
				SWIFT_ACTIVE_COMPILATION_CONDITIONS = "DEBUG $(inherited)";
				SWIFT_OPTIMIZATION_LEVEL = "-Onone";
			};
			name = Debug;
		};
		23A4D7832D5DB4D1008D9C51 /* Release */ = {
			isa = XCBuildConfiguration;
			buildSettings = {
				ALWAYS_SEARCH_USER_PATHS = NO;
				ASSETCATALOG_COMPILER_GENERATE_SWIFT_ASSET_SYMBOL_EXTENSIONS = YES;
				CLANG_ANALYZER_NONNULL = YES;
				CLANG_ANALYZER_NUMBER_OBJECT_CONVERSION = YES_AGGRESSIVE;
				CLANG_CXX_LANGUAGE_STANDARD = "gnu++20";
				CLANG_ENABLE_MODULES = YES;
				CLANG_ENABLE_OBJC_ARC = YES;
				CLANG_ENABLE_OBJC_WEAK = YES;
				CLANG_WARN_BLOCK_CAPTURE_AUTORELEASING = YES;
				CLANG_WARN_BOOL_CONVERSION = YES;
				CLANG_WARN_COMMA = YES;
				CLANG_WARN_CONSTANT_CONVERSION = YES;
				CLANG_WARN_DEPRECATED_OBJC_IMPLEMENTATIONS = YES;
				CLANG_WARN_DIRECT_OBJC_ISA_USAGE = YES_ERROR;
				CLANG_WARN_DOCUMENTATION_COMMENTS = YES;
				CLANG_WARN_EMPTY_BODY = YES;
				CLANG_WARN_ENUM_CONVERSION = YES;
				CLANG_WARN_INFINITE_RECURSION = YES;
				CLANG_WARN_INT_CONVERSION = YES;
				CLANG_WARN_NON_LITERAL_NULL_CONVERSION = YES;
				CLANG_WARN_OBJC_IMPLICIT_RETAIN_SELF = YES;
				CLANG_WARN_OBJC_LITERAL_CONVERSION = YES;
				CLANG_WARN_OBJC_ROOT_CLASS = YES_ERROR;
				CLANG_WARN_QUOTED_INCLUDE_IN_FRAMEWORK_HEADER = YES;
				CLANG_WARN_RANGE_LOOP_ANALYSIS = YES;
				CLANG_WARN_STRICT_PROTOTYPES = YES;
				CLANG_WARN_SUSPICIOUS_MOVE = YES;
				CLANG_WARN_UNGUARDED_AVAILABILITY = YES_AGGRESSIVE;
				CLANG_WARN_UNREACHABLE_CODE = YES;
				CLANG_WARN__DUPLICATE_METHOD_MATCH = YES;
				COPY_PHASE_STRIP = NO;
				DEBUG_INFORMATION_FORMAT = "dwarf-with-dsym";
				ENABLE_NS_ASSERTIONS = NO;
				ENABLE_STRICT_OBJC_MSGSEND = YES;
				ENABLE_USER_SCRIPT_SANDBOXING = YES;
				GCC_C_LANGUAGE_STANDARD = gnu17;
				GCC_NO_COMMON_BLOCKS = YES;
				GCC_WARN_64_TO_32_BIT_CONVERSION = YES;
				GCC_WARN_ABOUT_RETURN_TYPE = YES_ERROR;
				GCC_WARN_UNDECLARED_SELECTOR = YES;
				GCC_WARN_UNINITIALIZED_AUTOS = YES_AGGRESSIVE;
				GCC_WARN_UNUSED_FUNCTION = YES;
				GCC_WARN_UNUSED_VARIABLE = YES;
				IPHONEOS_DEPLOYMENT_TARGET = 18.2;
				LOCALIZATION_PREFERS_STRING_CATALOGS = YES;
				MTL_ENABLE_DEBUG_INFO = NO;
				MTL_FAST_MATH = YES;
				SDKROOT = iphoneos;
				SWIFT_COMPILATION_MODE = wholemodule;
				VALIDATE_PRODUCT = YES;
			};
			name = Release;
		};
		23A4D7852D5DB4D1008D9C51 /* Debug */ = {
			isa = XCBuildConfiguration;
			buildSettings = {
				ASSETCATALOG_COMPILER_APPICON_NAME = AppIcon;
				ASSETCATALOG_COMPILER_GLOBAL_ACCENT_COLOR_NAME = AccentColor;
				CODE_SIGN_STYLE = Automatic;
				CURRENT_PROJECT_VERSION = 1;
				DEVELOPMENT_ASSET_PATHS = "\"SwiftUIDay04Ex02FileManager/Preview Content\"";
				DEVELOPMENT_TEAM = M8M62H2D94;
				ENABLE_PREVIEWS = YES;
				GENERATE_INFOPLIST_FILE = YES;
				INFOPLIST_KEY_UIApplicationSceneManifest_Generation = YES;
				INFOPLIST_KEY_UIApplicationSupportsIndirectInputEvents = YES;
				INFOPLIST_KEY_UILaunchScreen_Generation = YES;
				INFOPLIST_KEY_UISupportedInterfaceOrientations_iPad = "UIInterfaceOrientationPortrait UIInterfaceOrientationPortraitUpsideDown UIInterfaceOrientationLandscapeLeft UIInterfaceOrientationLandscapeRight";
				INFOPLIST_KEY_UISupportedInterfaceOrientations_iPhone = "UIInterfaceOrientationPortrait UIInterfaceOrientationLandscapeLeft UIInterfaceOrientationLandscapeRight";
				LD_RUNPATH_SEARCH_PATHS = (
					"$(inherited)",
					"@executable_path/Frameworks",
				);
				MARKETING_VERSION = 1.0;
				PRODUCT_BUNDLE_IDENTIFIER = org.comstudy.myapp.SwiftUIDay04Ex02FileManager;
				PRODUCT_NAME = "$(TARGET_NAME)";
				SWIFT_EMIT_LOC_STRINGS = YES;
				SWIFT_VERSION = 5.0;
				TARGETED_DEVICE_FAMILY = "1,2";
			};
			name = Debug;
		};
		23A4D7862D5DB4D1008D9C51 /* Release */ = {
			isa = XCBuildConfiguration;
			buildSettings = {
				ASSETCATALOG_COMPILER_APPICON_NAME = AppIcon;
				ASSETCATALOG_COMPILER_GLOBAL_ACCENT_COLOR_NAME = AccentColor;
				CODE_SIGN_STYLE = Automatic;
				CURRENT_PROJECT_VERSION = 1;
				DEVELOPMENT_ASSET_PATHS = "\"SwiftUIDay04Ex02FileManager/Preview Content\"";
				DEVELOPMENT_TEAM = M8M62H2D94;
				ENABLE_PREVIEWS = YES;
				GENERATE_INFOPLIST_FILE = YES;
				INFOPLIST_KEY_UIApplicationSceneManifest_Generation = YES;
				INFOPLIST_KEY_UIApplicationSupportsIndirectInputEvents = YES;
				INFOPLIST_KEY_UILaunchScreen_Generation = YES;
				INFOPLIST_KEY_UISupportedInterfaceOrientations_iPad = "UIInterfaceOrientationPortrait UIInterfaceOrientationPortraitUpsideDown UIInterfaceOrientationLandscapeLeft UIInterfaceOrientationLandscapeRight";
				INFOPLIST_KEY_UISupportedInterfaceOrientations_iPhone = "UIInterfaceOrientationPortrait UIInterfaceOrientationLandscapeLeft UIInterfaceOrientationLandscapeRight";
				LD_RUNPATH_SEARCH_PATHS = (
					"$(inherited)",
					"@executable_path/Frameworks",
				);
				MARKETING_VERSION = 1.0;
				PRODUCT_BUNDLE_IDENTIFIER = org.comstudy.myapp.SwiftUIDay04Ex02FileManager;
				PRODUCT_NAME = "$(TARGET_NAME)";
				SWIFT_EMIT_LOC_STRINGS = YES;
				SWIFT_VERSION = 5.0;
				TARGETED_DEVICE_FAMILY = "1,2";
			};
			name = Release;
		};
		23A4D7882D5DB4D1008D9C51 /* Debug */ = {
			isa = XCBuildConfiguration;
			buildSettings = {
				BUNDLE_LOADER = "$(TEST_HOST)";
				CODE_SIGN_STYLE = Automatic;
				CURRENT_PROJECT_VERSION = 1;
				DEVELOPMENT_TEAM = M8M62H2D94;
				GENERATE_INFOPLIST_FILE = YES;
				IPHONEOS_DEPLOYMENT_TARGET = 18.2;
				MARKETING_VERSION = 1.0;
				PRODUCT_BUNDLE_IDENTIFIER = org.comstudy.myapp.SwiftUIDay04Ex02FileManagerTests;
				PRODUCT_NAME = "$(TARGET_NAME)";
				SWIFT_EMIT_LOC_STRINGS = NO;
				SWIFT_VERSION = 5.0;
				TARGETED_DEVICE_FAMILY = "1,2";
				TEST_HOST = "$(BUILT_PRODUCTS_DIR)/SwiftUIDay04Ex02FileManager.app/$(BUNDLE_EXECUTABLE_FOLDER_PATH)/SwiftUIDay04Ex02FileManager";
			};
			name = Debug;
		};
		23A4D7892D5DB4D1008D9C51 /* Release */ = {
			isa = XCBuildConfiguration;
			buildSettings = {
				BUNDLE_LOADER = "$(TEST_HOST)";
				CODE_SIGN_STYLE = Automatic;
				CURRENT_PROJECT_VERSION = 1;
				DEVELOPMENT_TEAM = M8M62H2D94;
				GENERATE_INFOPLIST_FILE = YES;
				IPHONEOS_DEPLOYMENT_TARGET = 18.2;
				MARKETING_VERSION = 1.0;
				PRODUCT_BUNDLE_IDENTIFIER = org.comstudy.myapp.SwiftUIDay04Ex02FileManagerTests;
				PRODUCT_NAME = "$(TARGET_NAME)";
				SWIFT_EMIT_LOC_STRINGS = NO;
				SWIFT_VERSION = 5.0;
				TARGETED_DEVICE_FAMILY = "1,2";
				TEST_HOST = "$(BUILT_PRODUCTS_DIR)/SwiftUIDay04Ex02FileManager.app/$(BUNDLE_EXECUTABLE_FOLDER_PATH)/SwiftUIDay04Ex02FileManager";
			};
			name = Release;
		};
		23A4D78B2D5DB4D1008D9C51 /* Debug */ = {
			isa = XCBuildConfiguration;
			buildSettings = {
				CODE_SIGN_STYLE = Automatic;
				CURRENT_PROJECT_VERSION = 1;
				DEVELOPMENT_TEAM = M8M62H2D94;
				GENERATE_INFOPLIST_FILE = YES;
				MARKETING_VERSION = 1.0;
				PRODUCT_BUNDLE_IDENTIFIER = org.comstudy.myapp.SwiftUIDay04Ex02FileManagerUITests;
				PRODUCT_NAME = "$(TARGET_NAME)";
				SWIFT_EMIT_LOC_STRINGS = NO;
				SWIFT_VERSION = 5.0;
				TARGETED_DEVICE_FAMILY = "1,2";
				TEST_TARGET_NAME = SwiftUIDay04Ex02FileManager;
			};
			name = Debug;
		};
		23A4D78C2D5DB4D1008D9C51 /* Release */ = {
			isa = XCBuildConfiguration;
			buildSettings = {
				CODE_SIGN_STYLE = Automatic;
				CURRENT_PROJECT_VERSION = 1;
				DEVELOPMENT_TEAM = M8M62H2D94;
				GENERATE_INFOPLIST_FILE = YES;
				MARKETING_VERSION = 1.0;
				PRODUCT_BUNDLE_IDENTIFIER = org.comstudy.myapp.SwiftUIDay04Ex02FileManagerUITests;
				PRODUCT_NAME = "$(TARGET_NAME)";
				SWIFT_EMIT_LOC_STRINGS = NO;
				SWIFT_VERSION = 5.0;
				TARGETED_DEVICE_FAMILY = "1,2";
				TEST_TARGET_NAME = SwiftUIDay04Ex02FileManager;
			};
			name = Release;
		};
/* End XCBuildConfiguration section */

/* Begin XCConfigurationList section */
		23A4D75B2D5DB4D0008D9C51 /* Build configuration list for PBXProject "SwiftUIDay04Ex02FileManager" */ = {
			isa = XCConfigurationList;
			buildConfigurations = (
				23A4D7822D5DB4D1008D9C51 /* Debug */,
				23A4D7832D5DB4D1008D9C51 /* Release */,
			);
			defaultConfigurationIsVisible = 0;
			defaultConfigurationName = Release;
		};
		23A4D7842D5DB4D1008D9C51 /* Build configuration list for PBXNativeTarget "SwiftUIDay04Ex02FileManager" */ = {
			isa = XCConfigurationList;
			buildConfigurations = (
				23A4D7852D5DB4D1008D9C51 /* Debug */,
				23A4D7862D5DB4D1008D9C51 /* Release */,
			);
			defaultConfigurationIsVisible = 0;
			defaultConfigurationName = Release;
		};
		23A4D7872D5DB4D1008D9C51 /* Build configuration list for PBXNativeTarget "SwiftUIDay04Ex02FileManagerTests" */ = {
			isa = XCConfigurationList;
			buildConfigurations = (
				23A4D7882D5DB4D1008D9C51 /* Debug */,
				23A4D7892D5DB4D1008D9C51 /* Release */,
			);
			defaultConfigurationIsVisible = 0;
			defaultConfigurationName = Release;
		};
		23A4D78A2D5DB4D1008D9C51 /* Build configuration list for PBXNativeTarget "SwiftUIDay04Ex02FileManagerUITests" */ = {
			isa = XCConfigurationList;
			buildConfigurations = (
				23A4D78B2D5DB4D1008D9C51 /* Debug */,
				23A4D78C2D5DB4D1008D9C51 /* Release */,
			);
			defaultConfigurationIsVisible = 0;
			defaultConfigurationName = Release;
		};
/* End XCConfigurationList section */
	};
	rootObject = 23A4D7582D5DB4D0008D9C51 /* Project object */;
}
