// !$*UTF8*$!
{
	archiveVersion = 1;
	classes = {
	};
	objectVersion = 77;
	objects = {

/* Begin PBXContainerItemProxy section */
		230AB08C2D5C3A1200479ADA /* PBXContainerItemProxy */ = {
			isa = PBXContainerItemProxy;
			containerPortal = 230AB0732D5C3A1000479ADA /* Project object */;
			proxyType = 1;
			remoteGlobalIDString = 230AB07A2D5C3A1000479ADA;
			remoteInfo = SwiftUIDay03UI;
		};
		230AB0962D5C3A1200479ADA /* PBXContainerItemProxy */ = {
			isa = PBXContainerItemProxy;
			containerPortal = 230AB0732D5C3A1000479ADA /* Project object */;
			proxyType = 1;
			remoteGlobalIDString = 230AB07A2D5C3A1000479ADA;
			remoteInfo = SwiftUIDay03UI;
		};
/* End PBXContainerItemProxy section */

/* Begin PBXFileReference section */
		230AB07B2D5C3A1000479ADA /* SwiftUIDay03UI.app */ = {isa = PBXFileReference; explicitFileType = wrapper.application; includeInIndex = 0; path = SwiftUIDay03UI.app; sourceTree = BUILT_PRODUCTS_DIR; };
		230AB08B2D5C3A1200479ADA /* SwiftUIDay03UITests.xctest */ = {isa = PBXFileReference; explicitFileType = wrapper.cfbundle; includeInIndex = 0; path = SwiftUIDay03UITests.xctest; sourceTree = BUILT_PRODUCTS_DIR; };
		230AB0952D5C3A1200479ADA /* SwiftUIDay03UIUITests.xctest */ = {isa = PBXFileReference; explicitFileType = wrapper.cfbundle; includeInIndex = 0; path = SwiftUIDay03UIUITests.xctest; sourceTree = BUILT_PRODUCTS_DIR; };
/* End PBXFileReference section */

/* Begin PBXFileSystemSynchronizedRootGroup section */
		230AB07D2D5C3A1000479ADA /* SwiftUIDay03UI */ = {
			isa = PBXFileSystemSynchronizedRootGroup;
			path = SwiftUIDay03UI;
			sourceTree = "<group>";
		};
		230AB08E2D5C3A1200479ADA /* SwiftUIDay03UITests */ = {
			isa = PBXFileSystemSynchronizedRootGroup;
			path = SwiftUIDay03UITests;
			sourceTree = "<group>";
		};
		230AB0982D5C3A1200479ADA /* SwiftUIDay03UIUITests */ = {
			isa = PBXFileSystemSynchronizedRootGroup;
			path = SwiftUIDay03UIUITests;
			sourceTree = "<group>";
		};
/* End PBXFileSystemSynchronizedRootGroup section */

/* Begin PBXFrameworksBuildPhase section */
		230AB0782D5C3A1000479ADA /* Frameworks */ = {
			isa = PBXFrameworksBuildPhase;
			buildActionMask = 2147483647;
			files = (
			);
			runOnlyForDeploymentPostprocessing = 0;
		};
		230AB0882D5C3A1200479ADA /* Frameworks */ = {
			isa = PBXFrameworksBuildPhase;
			buildActionMask = 2147483647;
			files = (
			);
			runOnlyForDeploymentPostprocessing = 0;
		};
		230AB0922D5C3A1200479ADA /* Frameworks */ = {
			isa = PBXFrameworksBuildPhase;
			buildActionMask = 2147483647;
			files = (
			);
			runOnlyForDeploymentPostprocessing = 0;
		};
/* End PBXFrameworksBuildPhase section */

/* Begin PBXGroup section */
		230AB0722D5C3A1000479ADA = {
			isa = PBXGroup;
			children = (
				230AB07D2D5C3A1000479ADA /* SwiftUIDay03UI */,
				230AB08E2D5C3A1200479ADA /* SwiftUIDay03UITests */,
				230AB0982D5C3A1200479ADA /* SwiftUIDay03UIUITests */,
				230AB07C2D5C3A1000479ADA /* Products */,
			);
			sourceTree = "<group>";
		};
		230AB07C2D5C3A1000479ADA /* Products */ = {
			isa = PBXGroup;
			children = (
				230AB07B2D5C3A1000479ADA /* SwiftUIDay03UI.app */,
				230AB08B2D5C3A1200479ADA /* SwiftUIDay03UITests.xctest */,
				230AB0952D5C3A1200479ADA /* SwiftUIDay03UIUITests.xctest */,
			);
			name = Products;
			sourceTree = "<group>";
		};
/* End PBXGroup section */

/* Begin PBXNativeTarget section */
		230AB07A2D5C3A1000479ADA /* SwiftUIDay03UI */ = {
			isa = PBXNativeTarget;
			buildConfigurationList = 230AB09F2D5C3A1200479ADA /* Build configuration list for PBXNativeTarget "SwiftUIDay03UI" */;
			buildPhases = (
				230AB0772D5C3A1000479ADA /* Sources */,
				230AB0782D5C3A1000479ADA /* Frameworks */,
				230AB0792D5C3A1000479ADA /* Resources */,
			);
			buildRules = (
			);
			dependencies = (
			);
			fileSystemSynchronizedGroups = (
				230AB07D2D5C3A1000479ADA /* SwiftUIDay03UI */,
			);
			name = SwiftUIDay03UI;
			packageProductDependencies = (
			);
			productName = SwiftUIDay03UI;
			productReference = 230AB07B2D5C3A1000479ADA /* SwiftUIDay03UI.app */;
			productType = "com.apple.product-type.application";
		};
		230AB08A2D5C3A1200479ADA /* SwiftUIDay03UITests */ = {
			isa = PBXNativeTarget;
			buildConfigurationList = 230AB0A22D5C3A1200479ADA /* Build configuration list for PBXNativeTarget "SwiftUIDay03UITests" */;
			buildPhases = (
				230AB0872D5C3A1200479ADA /* Sources */,
				230AB0882D5C3A1200479ADA /* Frameworks */,
				230AB0892D5C3A1200479ADA /* Resources */,
			);
			buildRules = (
			);
			dependencies = (
				230AB08D2D5C3A1200479ADA /* PBXTargetDependency */,
			);
			fileSystemSynchronizedGroups = (
				230AB08E2D5C3A1200479ADA /* SwiftUIDay03UITests */,
			);
			name = SwiftUIDay03UITests;
			packageProductDependencies = (
			);
			productName = SwiftUIDay03UITests;
			productReference = 230AB08B2D5C3A1200479ADA /* SwiftUIDay03UITests.xctest */;
			productType = "com.apple.product-type.bundle.unit-test";
		};
		230AB0942D5C3A1200479ADA /* SwiftUIDay03UIUITests */ = {
			isa = PBXNativeTarget;
			buildConfigurationList = 230AB0A52D5C3A1200479ADA /* Build configuration list for PBXNativeTarget "SwiftUIDay03UIUITests" */;
			buildPhases = (
				230AB0912D5C3A1200479ADA /* Sources */,
				230AB0922D5C3A1200479ADA /* Frameworks */,
				230AB0932D5C3A1200479ADA /* Resources */,
			);
			buildRules = (
			);
			dependencies = (
				230AB0972D5C3A1200479ADA /* PBXTargetDependency */,
			);
			fileSystemSynchronizedGroups = (
				230AB0982D5C3A1200479ADA /* SwiftUIDay03UIUITests */,
			);
			name = SwiftUIDay03UIUITests;
			packageProductDependencies = (
			);
			productName = SwiftUIDay03UIUITests;
			productReference = 230AB0952D5C3A1200479ADA /* SwiftUIDay03UIUITests.xctest */;
			productType = "com.apple.product-type.bundle.ui-testing";
		};
/* End PBXNativeTarget section */

/* Begin PBXProject section */
		230AB0732D5C3A1000479ADA /* Project object */ = {
			isa = PBXProject;
			attributes = {
				BuildIndependentTargetsInParallel = 1;
				LastSwiftUpdateCheck = 1620;
				LastUpgradeCheck = 1620;
				TargetAttributes = {
					230AB07A2D5C3A1000479ADA = {
						CreatedOnToolsVersion = 16.2;
					};
					230AB08A2D5C3A1200479ADA = {
						CreatedOnToolsVersion = 16.2;
						TestTargetID = 230AB07A2D5C3A1000479ADA;
					};
					230AB0942D5C3A1200479ADA = {
						CreatedOnToolsVersion = 16.2;
						TestTargetID = 230AB07A2D5C3A1000479ADA;
					};
				};
			};
			buildConfigurationList = 230AB0762D5C3A1000479ADA /* Build configuration list for PBXProject "SwiftUIDay03UI" */;
			developmentRegion = en;
			hasScannedForEncodings = 0;
			knownRegions = (
				en,
				Base,
			);
			mainGroup = 230AB0722D5C3A1000479ADA;
			minimizedProjectReferenceProxies = 1;
			preferredProjectObjectVersion = 77;
			productRefGroup = 230AB07C2D5C3A1000479ADA /* Products */;
			projectDirPath = "";
			projectRoot = "";
			targets = (
				230AB07A2D5C3A1000479ADA /* SwiftUIDay03UI */,
				230AB08A2D5C3A1200479ADA /* SwiftUIDay03UITests */,
				230AB0942D5C3A1200479ADA /* SwiftUIDay03UIUITests */,
			);
		};
/* End PBXProject section */

/* Begin PBXResourcesBuildPhase section */
		230AB0792D5C3A1000479ADA /* Resources */ = {
			isa = PBXResourcesBuildPhase;
			buildActionMask = 2147483647;
			files = (
			);
			runOnlyForDeploymentPostprocessing = 0;
		};
		230AB0892D5C3A1200479ADA /* Resources */ = {
			isa = PBXResourcesBuildPhase;
			buildActionMask = 2147483647;
			files = (
			);
			runOnlyForDeploymentPostprocessing = 0;
		};
		230AB0932D5C3A1200479ADA /* Resources */ = {
			isa = PBXResourcesBuildPhase;
			buildActionMask = 2147483647;
			files = (
			);
			runOnlyForDeploymentPostprocessing = 0;
		};
/* End PBXResourcesBuildPhase section */

/* Begin PBXSourcesBuildPhase section */
		230AB0772D5C3A1000479ADA /* Sources */ = {
			isa = PBXSourcesBuildPhase;
			buildActionMask = 2147483647;
			files = (
			);
			runOnlyForDeploymentPostprocessing = 0;
		};
		230AB0872D5C3A1200479ADA /* Sources */ = {
			isa = PBXSourcesBuildPhase;
			buildActionMask = 2147483647;
			files = (
			);
			runOnlyForDeploymentPostprocessing = 0;
		};
		230AB0912D5C3A1200479ADA /* Sources */ = {
			isa = PBXSourcesBuildPhase;
			buildActionMask = 2147483647;
			files = (
			);
			runOnlyForDeploymentPostprocessing = 0;
		};
/* End PBXSourcesBuildPhase section */

/* Begin PBXTargetDependency section */
		230AB08D2D5C3A1200479ADA /* PBXTargetDependency */ = {
			isa = PBXTargetDependency;
			target = 230AB07A2D5C3A1000479ADA /* SwiftUIDay03UI */;
			targetProxy = 230AB08C2D5C3A1200479ADA /* PBXContainerItemProxy */;
		};
		230AB0972D5C3A1200479ADA /* PBXTargetDependency */ = {
			isa = PBXTargetDependency;
			target = 230AB07A2D5C3A1000479ADA /* SwiftUIDay03UI */;
			targetProxy = 230AB0962D5C3A1200479ADA /* PBXContainerItemProxy */;
		};
/* End PBXTargetDependency section */

/* Begin XCBuildConfiguration section */
		230AB09D2D5C3A1200479ADA /* Debug */ = {
			isa = XCBuildConfiguration;
			buildSettings = {
				ALWAYS_SEARCH_USER_PATHS = NO;
				ASSETCATALOG_COMPILER_GENERATE_SWIFT_ASSET_SYMBOL_EXTENSIONS = YES;
				CLANG_ANALYZER_NONNULL = YES;
				CLANG_ANALYZER_NUMBER_OBJECT_CONVERSION = YES_AGGRESSIVE;
				CLANG_CXX_LANGUAGE_STANDARD = "gnu++20";
				CLANG_ENABLE_MODULES = YES;
				CLANG_ENABLE_OBJC_ARC = YES;
				CLANG_ENABLE_OBJC_WEAK = YES;
				CLANG_WARN_BLOCK_CAPTURE_AUTORELEASING = YES;
				CLANG_WARN_BOOL_CONVERSION = YES;
				CLANG_WARN_COMMA = YES;
				CLANG_WARN_CONSTANT_CONVERSION = YES;
				CLANG_WARN_DEPRECATED_OBJC_IMPLEMENTATIONS = YES;
				CLANG_WARN_DIRECT_OBJC_ISA_USAGE = YES_ERROR;
				CLANG_WARN_DOCUMENTATION_COMMENTS = YES;
				CLANG_WARN_EMPTY_BODY = YES;
				CLANG_WARN_ENUM_CONVERSION = YES;
				CLANG_WARN_INFINITE_RECURSION = YES;
				CLANG_WARN_INT_CONVERSION = YES;
				CLANG_WARN_NON_LITERAL_NULL_CONVERSION = YES;
				CLANG_WARN_OBJC_IMPLICIT_RETAIN_SELF = YES;
				CLANG_WARN_OBJC_LITERAL_CONVERSION = YES;
				CLANG_WARN_OBJC_ROOT_CLASS = YES_ERROR;
				CLANG_WARN_QUOTED_INCLUDE_IN_FRAMEWORK_HEADER = YES;
				CLANG_WARN_RANGE_LOOP_ANALYSIS = YES;
				CLANG_WARN_STRICT_PROTOTYPES = YES;
				CLANG_WARN_SUSPICIOUS_MOVE = YES;
				CLANG_WARN_UNGUARDED_AVAILABILITY = YES_AGGRESSIVE;
				CLANG_WARN_UNREACHABLE_CODE = YES;
				CLANG_WARN__DUPLICATE_METHOD_MATCH = YES;
				COPY_PHASE_STRIP = NO;
				DEBUG_INFORMATION_FORMAT = dwarf;
				ENABLE_STRICT_OBJC_MSGSEND = YES;
				ENABLE_TESTABILITY = YES;
				ENABLE_USER_SCRIPT_SANDBOXING = YES;
				GCC_C_LANGUAGE_STANDARD = gnu17;
				GCC_DYNAMIC_NO_PIC = NO;
				GCC_NO_COMMON_BLOCKS = YES;
				GCC_OPTIMIZATION_LEVEL = 0;
				GCC_PREPROCESSOR_DEFINITIONS = (
					"DEBUG=1",
					"$(inherited)",
				);
				GCC_WARN_64_TO_32_BIT_CONVERSION = YES;
				GCC_WARN_ABOUT_RETURN_TYPE = YES_ERROR;
				GCC_WARN_UNDECLARED_SELECTOR = YES;
				GCC_WARN_UNINITIALIZED_AUTOS = YES_AGGRESSIVE;
				GCC_WARN_UNUSED_FUNCTION = YES;
				GCC_WARN_UNUSED_VARIABLE = YES;
				IPHONEOS_DEPLOYMENT_TARGET = 18.2;
				LOCALIZATION_PREFERS_STRING_CATALOGS = YES;
				MTL_ENABLE_DEBUG_INFO = INCLUDE_SOURCE;
				MTL_FAST_MATH = YES;
				ONLY_ACTIVE_ARCH = YES;
				SDKROOT = iphoneos;
				SWIFT_ACTIVE_COMPILATION_CONDITIONS = "DEBUG $(inherited)";
				SWIFT_OPTIMIZATION_LEVEL = "-Onone";
			};
			name = Debug;
		};
		230AB09E2D5C3A1200479ADA /* Release */ = {
			isa = XCBuildConfiguration;
			buildSettings = {
				ALWAYS_SEARCH_USER_PATHS = NO;
				ASSETCATALOG_COMPILER_GENERATE_SWIFT_ASSET_SYMBOL_EXTENSIONS = YES;
				CLANG_ANALYZER_NONNULL = YES;
				CLANG_ANALYZER_NUMBER_OBJECT_CONVERSION = YES_AGGRESSIVE;
				CLANG_CXX_LANGUAGE_STANDARD = "gnu++20";
				CLANG_ENABLE_MODULES = YES;
				CLANG_ENABLE_OBJC_ARC = YES;
				CLANG_ENABLE_OBJC_WEAK = YES;
				CLANG_WARN_BLOCK_CAPTURE_AUTORELEASING = YES;
				CLANG_WARN_BOOL_CONVERSION = YES;
				CLANG_WARN_COMMA = YES;
				CLANG_WARN_CONSTANT_CONVERSION = YES;
				CLANG_WARN_DEPRECATED_OBJC_IMPLEMENTATIONS = YES;
				CLANG_WARN_DIRECT_OBJC_ISA_USAGE = YES_ERROR;
				CLANG_WARN_DOCUMENTATION_COMMENTS = YES;
				CLANG_WARN_EMPTY_BODY = YES;
				CLANG_WARN_ENUM_CONVERSION = YES;
				CLANG_WARN_INFINITE_RECURSION = YES;
				CLANG_WARN_INT_CONVERSION = YES;
				CLANG_WARN_NON_LITERAL_NULL_CONVERSION = YES;
				CLANG_WARN_OBJC_IMPLICIT_RETAIN_SELF = YES;
				CLANG_WARN_OBJC_LITERAL_CONVERSION = YES;
				CLANG_WARN_OBJC_ROOT_CLASS = YES_ERROR;
				CLANG_WARN_QUOTED_INCLUDE_IN_FRAMEWORK_HEADER = YES;
				CLANG_WARN_RANGE_LOOP_ANALYSIS = YES;
				CLANG_WARN_STRICT_PROTOTYPES = YES;
				CLANG_WARN_SUSPICIOUS_MOVE = YES;
				CLANG_WARN_UNGUARDED_AVAILABILITY = YES_AGGRESSIVE;
				CLANG_WARN_UNREACHABLE_CODE = YES;
				CLANG_WARN__DUPLICATE_METHOD_MATCH = YES;
				COPY_PHASE_STRIP = NO;
				DEBUG_INFORMATION_FORMAT = "dwarf-with-dsym";
				ENABLE_NS_ASSERTIONS = NO;
				ENABLE_STRICT_OBJC_MSGSEND = YES;
				ENABLE_USER_SCRIPT_SANDBOXING = YES;
				GCC_C_LANGUAGE_STANDARD = gnu17;
				GCC_NO_COMMON_BLOCKS = YES;
				GCC_WARN_64_TO_32_BIT_CONVERSION = YES;
				GCC_WARN_ABOUT_RETURN_TYPE = YES_ERROR;
				GCC_WARN_UNDECLARED_SELECTOR = YES;
				GCC_WARN_UNINITIALIZED_AUTOS = YES_AGGRESSIVE;
				GCC_WARN_UNUSED_FUNCTION = YES;
				GCC_WARN_UNUSED_VARIABLE = YES;
				IPHONEOS_DEPLOYMENT_TARGET = 18.2;
				LOCALIZATION_PREFERS_STRING_CATALOGS = YES;
				MTL_ENABLE_DEBUG_INFO = NO;
				MTL_FAST_MATH = YES;
				SDKROOT = iphoneos;
				SWIFT_COMPILATION_MODE = wholemodule;
				VALIDATE_PRODUCT = YES;
			};
			name = Release;
		};
		230AB0A02D5C3A1200479ADA /* Debug */ = {
			isa = XCBuildConfiguration;
			buildSettings = {
				ASSETCATALOG_COMPILER_APPICON_NAME = AppIcon;
				ASSETCATALOG_COMPILER_GLOBAL_ACCENT_COLOR_NAME = AccentColor;
				CODE_SIGN_STYLE = Automatic;
				CURRENT_PROJECT_VERSION = 1;
				DEVELOPMENT_ASSET_PATHS = "\"SwiftUIDay03UI/Preview Content\"";
				DEVELOPMENT_TEAM = M8M62H2D94;
				ENABLE_PREVIEWS = YES;
				GENERATE_INFOPLIST_FILE = YES;
				INFOPLIST_KEY_UIApplicationSceneManifest_Generation = YES;
				INFOPLIST_KEY_UIApplicationSupportsIndirectInputEvents = YES;
				INFOPLIST_KEY_UILaunchScreen_Generation = YES;
				INFOPLIST_KEY_UISupportedInterfaceOrientations_iPad = "UIInterfaceOrientationPortrait UIInterfaceOrientationPortraitUpsideDown UIInterfaceOrientationLandscapeLeft UIInterfaceOrientationLandscapeRight";
				INFOPLIST_KEY_UISupportedInterfaceOrientations_iPhone = "UIInterfaceOrientationPortrait UIInterfaceOrientationLandscapeLeft UIInterfaceOrientationLandscapeRight";
				LD_RUNPATH_SEARCH_PATHS = (
					"$(inherited)",
					"@executable_path/Frameworks",
				);
				MARKETING_VERSION = 1.0;
				PRODUCT_BUNDLE_IDENTIFIER = org.comstudy.myapp.SwiftUIDay03UI;
				PRODUCT_NAME = "$(TARGET_NAME)";
				SWIFT_EMIT_LOC_STRINGS = YES;
				SWIFT_VERSION = 5.0;
				TARGETED_DEVICE_FAMILY = "1,2";
			};
			name = Debug;
		};
		230AB0A12D5C3A1200479ADA /* Release */ = {
			isa = XCBuildConfiguration;
			buildSettings = {
				ASSETCATALOG_COMPILER_APPICON_NAME = AppIcon;
				ASSETCATALOG_COMPILER_GLOBAL_ACCENT_COLOR_NAME = AccentColor;
				CODE_SIGN_STYLE = Automatic;
				CURRENT_PROJECT_VERSION = 1;
				DEVELOPMENT_ASSET_PATHS = "\"SwiftUIDay03UI/Preview Content\"";
				DEVELOPMENT_TEAM = M8M62H2D94;
				ENABLE_PREVIEWS = YES;
				GENERATE_INFOPLIST_FILE = YES;
				INFOPLIST_KEY_UIApplicationSceneManifest_Generation = YES;
				INFOPLIST_KEY_UIApplicationSupportsIndirectInputEvents = YES;
				INFOPLIST_KEY_UILaunchScreen_Generation = YES;
				INFOPLIST_KEY_UISupportedInterfaceOrientations_iPad = "UIInterfaceOrientationPortrait UIInterfaceOrientationPortraitUpsideDown UIInterfaceOrientationLandscapeLeft UIInterfaceOrientationLandscapeRight";
				INFOPLIST_KEY_UISupportedInterfaceOrientations_iPhone = "UIInterfaceOrientationPortrait UIInterfaceOrientationLandscapeLeft UIInterfaceOrientationLandscapeRight";
				LD_RUNPATH_SEARCH_PATHS = (
					"$(inherited)",
					"@executable_path/Frameworks",
				);
				MARKETING_VERSION = 1.0;
				PRODUCT_BUNDLE_IDENTIFIER = org.comstudy.myapp.SwiftUIDay03UI;
				PRODUCT_NAME = "$(TARGET_NAME)";
				SWIFT_EMIT_LOC_STRINGS = YES;
				SWIFT_VERSION = 5.0;
				TARGETED_DEVICE_FAMILY = "1,2";
			};
			name = Release;
		};
		230AB0A32D5C3A1200479ADA /* Debug */ = {
			isa = XCBuildConfiguration;
			buildSettings = {
				BUNDLE_LOADER = "$(TEST_HOST)";
				CODE_SIGN_STYLE = Automatic;
				CURRENT_PROJECT_VERSION = 1;
				DEVELOPMENT_TEAM = M8M62H2D94;
				GENERATE_INFOPLIST_FILE = YES;
				IPHONEOS_DEPLOYMENT_TARGET = 18.2;
				MARKETING_VERSION = 1.0;
				PRODUCT_BUNDLE_IDENTIFIER = org.comstudy.myapp.SwiftUIDay03UITests;
				PRODUCT_NAME = "$(TARGET_NAME)";
				SWIFT_EMIT_LOC_STRINGS = NO;
				SWIFT_VERSION = 5.0;
				TARGETED_DEVICE_FAMILY = "1,2";
				TEST_HOST = "$(BUILT_PRODUCTS_DIR)/SwiftUIDay03UI.app/$(BUNDLE_EXECUTABLE_FOLDER_PATH)/SwiftUIDay03UI";
			};
			name = Debug;
		};
		230AB0A42D5C3A1200479ADA /* Release */ = {
			isa = XCBuildConfiguration;
			buildSettings = {
				BUNDLE_LOADER = "$(TEST_HOST)";
				CODE_SIGN_STYLE = Automatic;
				CURRENT_PROJECT_VERSION = 1;
				DEVELOPMENT_TEAM = M8M62H2D94;
				GENERATE_INFOPLIST_FILE = YES;
				IPHONEOS_DEPLOYMENT_TARGET = 18.2;
				MARKETING_VERSION = 1.0;
				PRODUCT_BUNDLE_IDENTIFIER = org.comstudy.myapp.SwiftUIDay03UITests;
				PRODUCT_NAME = "$(TARGET_NAME)";
				SWIFT_EMIT_LOC_STRINGS = NO;
				SWIFT_VERSION = 5.0;
				TARGETED_DEVICE_FAMILY = "1,2";
				TEST_HOST = "$(BUILT_PRODUCTS_DIR)/SwiftUIDay03UI.app/$(BUNDLE_EXECUTABLE_FOLDER_PATH)/SwiftUIDay03UI";
			};
			name = Release;
		};
		230AB0A62D5C3A1200479ADA /* Debug */ = {
			isa = XCBuildConfiguration;
			buildSettings = {
				CODE_SIGN_STYLE = Automatic;
				CURRENT_PROJECT_VERSION = 1;
				DEVELOPMENT_TEAM = M8M62H2D94;
				GENERATE_INFOPLIST_FILE = YES;
				MARKETING_VERSION = 1.0;
				PRODUCT_BUNDLE_IDENTIFIER = org.comstudy.myapp.SwiftUIDay03UIUITests;
				PRODUCT_NAME = "$(TARGET_NAME)";
				SWIFT_EMIT_LOC_STRINGS = NO;
				SWIFT_VERSION = 5.0;
				TARGETED_DEVICE_FAMILY = "1,2";
				TEST_TARGET_NAME = SwiftUIDay03UI;
			};
			name = Debug;
		};
		230AB0A72D5C3A1200479ADA /* Release */ = {
			isa = XCBuildConfiguration;
			buildSettings = {
				CODE_SIGN_STYLE = Automatic;
				CURRENT_PROJECT_VERSION = 1;
				DEVELOPMENT_TEAM = M8M62H2D94;
				GENERATE_INFOPLIST_FILE = YES;
				MARKETING_VERSION = 1.0;
				PRODUCT_BUNDLE_IDENTIFIER = org.comstudy.myapp.SwiftUIDay03UIUITests;
				PRODUCT_NAME = "$(TARGET_NAME)";
				SWIFT_EMIT_LOC_STRINGS = NO;
				SWIFT_VERSION = 5.0;
				TARGETED_DEVICE_FAMILY = "1,2";
				TEST_TARGET_NAME = SwiftUIDay03UI;
			};
			name = Release;
		};
/* End XCBuildConfiguration section */

/* Begin XCConfigurationList section */
		230AB0762D5C3A1000479ADA /* Build configuration list for PBXProject "SwiftUIDay03UI" */ = {
			isa = XCConfigurationList;
			buildConfigurations = (
				230AB09D2D5C3A1200479ADA /* Debug */,
				230AB09E2D5C3A1200479ADA /* Release */,
			);
			defaultConfigurationIsVisible = 0;
			defaultConfigurationName = Release;
		};
		230AB09F2D5C3A1200479ADA /* Build configuration list for PBXNativeTarget "SwiftUIDay03UI" */ = {
			isa = XCConfigurationList;
			buildConfigurations = (
				230AB0A02D5C3A1200479ADA /* Debug */,
				230AB0A12D5C3A1200479ADA /* Release */,
			);
			defaultConfigurationIsVisible = 0;
			defaultConfigurationName = Release;
		};
		230AB0A22D5C3A1200479ADA /* Build configuration list for PBXNativeTarget "SwiftUIDay03UITests" */ = {
			isa = XCConfigurationList;
			buildConfigurations = (
				230AB0A32D5C3A1200479ADA /* Debug */,
				230AB0A42D5C3A1200479ADA /* Release */,
			);
			defaultConfigurationIsVisible = 0;
			defaultConfigurationName = Release;
		};
		230AB0A52D5C3A1200479ADA /* Build configuration list for PBXNativeTarget "SwiftUIDay03UIUITests" */ = {
			isa = XCConfigurationList;
			buildConfigurations = (
				230AB0A62D5C3A1200479ADA /* Debug */,
				230AB0A72D5C3A1200479ADA /* Release */,
			);
			defaultConfigurationIsVisible = 0;
			defaultConfigurationName = Release;
		};
/* End XCConfigurationList section */
	};
	rootObject = 230AB0732D5C3A1000479ADA /* Project object */;
}
