// !$*UTF8*$!
{
	archiveVersion = 1;
	classes = {
	};
	objectVersion = 77;
	objects = {

/* Begin PBXContainerItemProxy section */
		230AAF392D5B0D6600479ADA /* PBXContainerItemProxy */ = {
			isa = PBXContainerItemProxy;
			containerPortal = 230AAF202D5B0D6400479ADA /* Project object */;
			proxyType = 1;
			remoteGlobalIDString = 230AAF272D5B0D6400479ADA;
			remoteInfo = SwiftUIDay02shopSample;
		};
		230AAF432D5B0D6600479ADA /* PBXContainerItemProxy */ = {
			isa = PBXContainerItemProxy;
			containerPortal = 230AAF202D5B0D6400479ADA /* Project object */;
			proxyType = 1;
			remoteGlobalIDString = 230AAF272D5B0D6400479ADA;
			remoteInfo = SwiftUIDay02shopSample;
		};
/* End PBXContainerItemProxy section */

/* Begin PBXFileReference section */
		230AAF282D5B0D6400479ADA /* SwiftUIDay02shopSample.app */ = {isa = PBXFileReference; explicitFileType = wrapper.application; includeInIndex = 0; path = SwiftUIDay02shopSample.app; sourceTree = BUILT_PRODUCTS_DIR; };
		230AAF382D5B0D6600479ADA /* SwiftUIDay02shopSampleTests.xctest */ = {isa = PBXFileReference; explicitFileType = wrapper.cfbundle; includeInIndex = 0; path = SwiftUIDay02shopSampleTests.xctest; sourceTree = BUILT_PRODUCTS_DIR; };
		230AAF422D5B0D6600479ADA /* SwiftUIDay02shopSampleUITests.xctest */ = {isa = PBXFileReference; explicitFileType = wrapper.cfbundle; includeInIndex = 0; path = SwiftUIDay02shopSampleUITests.xctest; sourceTree = BUILT_PRODUCTS_DIR; };
/* End PBXFileReference section */

/* Begin PBXFileSystemSynchronizedRootGroup section */
		230AAF2A2D5B0D6400479ADA /* SwiftUIDay02shopSample */ = {
			isa = PBXFileSystemSynchronizedRootGroup;
			path = SwiftUIDay02shopSample;
			sourceTree = "<group>";
		};
		230AAF3B2D5B0D6600479ADA /* SwiftUIDay02shopSampleTests */ = {
			isa = PBXFileSystemSynchronizedRootGroup;
			path = SwiftUIDay02shopSampleTests;
			sourceTree = "<group>";
		};
		230AAF452D5B0D6600479ADA /* SwiftUIDay02shopSampleUITests */ = {
			isa = PBXFileSystemSynchronizedRootGroup;
			path = SwiftUIDay02shopSampleUITests;
			sourceTree = "<group>";
		};
/* End PBXFileSystemSynchronizedRootGroup section */

/* Begin PBXFrameworksBuildPhase section */
		230AAF252D5B0D6400479ADA /* Frameworks */ = {
			isa = PBXFrameworksBuildPhase;
			buildActionMask = 2147483647;
			files = (
			);
			runOnlyForDeploymentPostprocessing = 0;
		};
		230AAF352D5B0D6600479ADA /* Frameworks */ = {
			isa = PBXFrameworksBuildPhase;
			buildActionMask = 2147483647;
			files = (
			);
			runOnlyForDeploymentPostprocessing = 0;
		};
		230AAF3F2D5B0D6600479ADA /* Frameworks */ = {
			isa = PBXFrameworksBuildPhase;
			buildActionMask = 2147483647;
			files = (
			);
			runOnlyForDeploymentPostprocessing = 0;
		};
/* End PBXFrameworksBuildPhase section */

/* Begin PBXGroup section */
		230AAF1F2D5B0D6400479ADA = {
			isa = PBXGroup;
			children = (
				230AAF2A2D5B0D6400479ADA /* SwiftUIDay02shopSample */,
				230AAF3B2D5B0D6600479ADA /* SwiftUIDay02shopSampleTests */,
				230AAF452D5B0D6600479ADA /* SwiftUIDay02shopSampleUITests */,
				230AAF292D5B0D6400479ADA /* Products */,
			);
			sourceTree = "<group>";
		};
		230AAF292D5B0D6400479ADA /* Products */ = {
			isa = PBXGroup;
			children = (
				230AAF282D5B0D6400479ADA /* SwiftUIDay02shopSample.app */,
				230AAF382D5B0D6600479ADA /* SwiftUIDay02shopSampleTests.xctest */,
				230AAF422D5B0D6600479ADA /* SwiftUIDay02shopSampleUITests.xctest */,
			);
			name = Products;
			sourceTree = "<group>";
		};
/* End PBXGroup section */

/* Begin PBXNativeTarget section */
		230AAF272D5B0D6400479ADA /* SwiftUIDay02shopSample */ = {
			isa = PBXNativeTarget;
			buildConfigurationList = 230AAF4C2D5B0D6600479ADA /* Build configuration list for PBXNativeTarget "SwiftUIDay02shopSample" */;
			buildPhases = (
				230AAF242D5B0D6400479ADA /* Sources */,
				230AAF252D5B0D6400479ADA /* Frameworks */,
				230AAF262D5B0D6400479ADA /* Resources */,
			);
			buildRules = (
			);
			dependencies = (
			);
			fileSystemSynchronizedGroups = (
				230AAF2A2D5B0D6400479ADA /* SwiftUIDay02shopSample */,
			);
			name = SwiftUIDay02shopSample;
			packageProductDependencies = (
			);
			productName = SwiftUIDay02shopSample;
			productReference = 230AAF282D5B0D6400479ADA /* SwiftUIDay02shopSample.app */;
			productType = "com.apple.product-type.application";
		};
		230AAF372D5B0D6600479ADA /* SwiftUIDay02shopSampleTests */ = {
			isa = PBXNativeTarget;
			buildConfigurationList = 230AAF4F2D5B0D6600479ADA /* Build configuration list for PBXNativeTarget "SwiftUIDay02shopSampleTests" */;
			buildPhases = (
				230AAF342D5B0D6600479ADA /* Sources */,
				230AAF352D5B0D6600479ADA /* Frameworks */,
				230AAF362D5B0D6600479ADA /* Resources */,
			);
			buildRules = (
			);
			dependencies = (
				230AAF3A2D5B0D6600479ADA /* PBXTargetDependency */,
			);
			fileSystemSynchronizedGroups = (
				230AAF3B2D5B0D6600479ADA /* SwiftUIDay02shopSampleTests */,
			);
			name = SwiftUIDay02shopSampleTests;
			packageProductDependencies = (
			);
			productName = SwiftUIDay02shopSampleTests;
			productReference = 230AAF382D5B0D6600479ADA /* SwiftUIDay02shopSampleTests.xctest */;
			productType = "com.apple.product-type.bundle.unit-test";
		};
		230AAF412D5B0D6600479ADA /* SwiftUIDay02shopSampleUITests */ = {
			isa = PBXNativeTarget;
			buildConfigurationList = 230AAF522D5B0D6600479ADA /* Build configuration list for PBXNativeTarget "SwiftUIDay02shopSampleUITests" */;
			buildPhases = (
				230AAF3E2D5B0D6600479ADA /* Sources */,
				230AAF3F2D5B0D6600479ADA /* Frameworks */,
				230AAF402D5B0D6600479ADA /* Resources */,
			);
			buildRules = (
			);
			dependencies = (
				230AAF442D5B0D6600479ADA /* PBXTargetDependency */,
			);
			fileSystemSynchronizedGroups = (
				230AAF452D5B0D6600479ADA /* SwiftUIDay02shopSampleUITests */,
			);
			name = SwiftUIDay02shopSampleUITests;
			packageProductDependencies = (
			);
			productName = SwiftUIDay02shopSampleUITests;
			productReference = 230AAF422D5B0D6600479ADA /* SwiftUIDay02shopSampleUITests.xctest */;
			productType = "com.apple.product-type.bundle.ui-testing";
		};
/* End PBXNativeTarget section */

/* Begin PBXProject section */
		230AAF202D5B0D6400479ADA /* Project object */ = {
			isa = PBXProject;
			attributes = {
				BuildIndependentTargetsInParallel = 1;
				LastSwiftUpdateCheck = 1620;
				LastUpgradeCheck = 1620;
				TargetAttributes = {
					230AAF272D5B0D6400479ADA = {
						CreatedOnToolsVersion = 16.2;
					};
					230AAF372D5B0D6600479ADA = {
						CreatedOnToolsVersion = 16.2;
						TestTargetID = 230AAF272D5B0D6400479ADA;
					};
					230AAF412D5B0D6600479ADA = {
						CreatedOnToolsVersion = 16.2;
						TestTargetID = 230AAF272D5B0D6400479ADA;
					};
				};
			};
			buildConfigurationList = 230AAF232D5B0D6400479ADA /* Build configuration list for PBXProject "SwiftUIDay02shopSample" */;
			developmentRegion = en;
			hasScannedForEncodings = 0;
			knownRegions = (
				en,
				Base,
			);
			mainGroup = 230AAF1F2D5B0D6400479ADA;
			minimizedProjectReferenceProxies = 1;
			preferredProjectObjectVersion = 77;
			productRefGroup = 230AAF292D5B0D6400479ADA /* Products */;
			projectDirPath = "";
			projectRoot = "";
			targets = (
				230AAF272D5B0D6400479ADA /* SwiftUIDay02shopSample */,
				230AAF372D5B0D6600479ADA /* SwiftUIDay02shopSampleTests */,
				230AAF412D5B0D6600479ADA /* SwiftUIDay02shopSampleUITests */,
			);
		};
/* End PBXProject section */

/* Begin PBXResourcesBuildPhase section */
		230AAF262D5B0D6400479ADA /* Resources */ = {
			isa = PBXResourcesBuildPhase;
			buildActionMask = 2147483647;
			files = (
			);
			runOnlyForDeploymentPostprocessing = 0;
		};
		230AAF362D5B0D6600479ADA /* Resources */ = {
			isa = PBXResourcesBuildPhase;
			buildActionMask = 2147483647;
			files = (
			);
			runOnlyForDeploymentPostprocessing = 0;
		};
		230AAF402D5B0D6600479ADA /* Resources */ = {
			isa = PBXResourcesBuildPhase;
			buildActionMask = 2147483647;
			files = (
			);
			runOnlyForDeploymentPostprocessing = 0;
		};
/* End PBXResourcesBuildPhase section */

/* Begin PBXSourcesBuildPhase section */
		230AAF242D5B0D6400479ADA /* Sources */ = {
			isa = PBXSourcesBuildPhase;
			buildActionMask = 2147483647;
			files = (
			);
			runOnlyForDeploymentPostprocessing = 0;
		};
		230AAF342D5B0D6600479ADA /* Sources */ = {
			isa = PBXSourcesBuildPhase;
			buildActionMask = 2147483647;
			files = (
			);
			runOnlyForDeploymentPostprocessing = 0;
		};
		230AAF3E2D5B0D6600479ADA /* Sources */ = {
			isa = PBXSourcesBuildPhase;
			buildActionMask = 2147483647;
			files = (
			);
			runOnlyForDeploymentPostprocessing = 0;
		};
/* End PBXSourcesBuildPhase section */

/* Begin PBXTargetDependency section */
		230AAF3A2D5B0D6600479ADA /* PBXTargetDependency */ = {
			isa = PBXTargetDependency;
			target = 230AAF272D5B0D6400479ADA /* SwiftUIDay02shopSample */;
			targetProxy = 230AAF392D5B0D6600479ADA /* PBXContainerItemProxy */;
		};
		230AAF442D5B0D6600479ADA /* PBXTargetDependency */ = {
			isa = PBXTargetDependency;
			target = 230AAF272D5B0D6400479ADA /* SwiftUIDay02shopSample */;
			targetProxy = 230AAF432D5B0D6600479ADA /* PBXContainerItemProxy */;
		};
/* End PBXTargetDependency section */

/* Begin XCBuildConfiguration section */
		230AAF4A2D5B0D6600479ADA /* Debug */ = {
			isa = XCBuildConfiguration;
			buildSettings = {
				ALWAYS_SEARCH_USER_PATHS = NO;
				ASSETCATALOG_COMPILER_GENERATE_SWIFT_ASSET_SYMBOL_EXTENSIONS = YES;
				CLANG_ANALYZER_NONNULL = YES;
				CLANG_ANALYZER_NUMBER_OBJECT_CONVERSION = YES_AGGRESSIVE;
				CLANG_CXX_LANGUAGE_STANDARD = "gnu++20";
				CLANG_ENABLE_MODULES = YES;
				CLANG_ENABLE_OBJC_ARC = YES;
				CLANG_ENABLE_OBJC_WEAK = YES;
				CLANG_WARN_BLOCK_CAPTURE_AUTORELEASING = YES;
				CLANG_WARN_BOOL_CONVERSION = YES;
				CLANG_WARN_COMMA = YES;
				CLANG_WARN_CONSTANT_CONVERSION = YES;
				CLANG_WARN_DEPRECATED_OBJC_IMPLEMENTATIONS = YES;
				CLANG_WARN_DIRECT_OBJC_ISA_USAGE = YES_ERROR;
				CLANG_WARN_DOCUMENTATION_COMMENTS = YES;
				CLANG_WARN_EMPTY_BODY = YES;
				CLANG_WARN_ENUM_CONVERSION = YES;
				CLANG_WARN_INFINITE_RECURSION = YES;
				CLANG_WARN_INT_CONVERSION = YES;
				CLANG_WARN_NON_LITERAL_NULL_CONVERSION = YES;
				CLANG_WARN_OBJC_IMPLICIT_RETAIN_SELF = YES;
				CLANG_WARN_OBJC_LITERAL_CONVERSION = YES;
				CLANG_WARN_OBJC_ROOT_CLASS = YES_ERROR;
				CLANG_WARN_QUOTED_INCLUDE_IN_FRAMEWORK_HEADER = YES;
				CLANG_WARN_RANGE_LOOP_ANALYSIS = YES;
				CLANG_WARN_STRICT_PROTOTYPES = YES;
				CLANG_WARN_SUSPICIOUS_MOVE = YES;
				CLANG_WARN_UNGUARDED_AVAILABILITY = YES_AGGRESSIVE;
				CLANG_WARN_UNREACHABLE_CODE = YES;
				CLANG_WARN__DUPLICATE_METHOD_MATCH = YES;
				COPY_PHASE_STRIP = NO;
				DEBUG_INFORMATION_FORMAT = dwarf;
				ENABLE_STRICT_OBJC_MSGSEND = YES;
				ENABLE_TESTABILITY = YES;
				ENABLE_USER_SCRIPT_SANDBOXING = YES;
				GCC_C_LANGUAGE_STANDARD = gnu17;
				GCC_DYNAMIC_NO_PIC = NO;
				GCC_NO_COMMON_BLOCKS = YES;
				GCC_OPTIMIZATION_LEVEL = 0;
				GCC_PREPROCESSOR_DEFINITIONS = (
					"DEBUG=1",
					"$(inherited)",
				);
				GCC_WARN_64_TO_32_BIT_CONVERSION = YES;
				GCC_WARN_ABOUT_RETURN_TYPE = YES_ERROR;
				GCC_WARN_UNDECLARED_SELECTOR = YES;
				GCC_WARN_UNINITIALIZED_AUTOS = YES_AGGRESSIVE;
				GCC_WARN_UNUSED_FUNCTION = YES;
				GCC_WARN_UNUSED_VARIABLE = YES;
				IPHONEOS_DEPLOYMENT_TARGET = 18.2;
				LOCALIZATION_PREFERS_STRING_CATALOGS = YES;
				MTL_ENABLE_DEBUG_INFO = INCLUDE_SOURCE;
				MTL_FAST_MATH = YES;
				ONLY_ACTIVE_ARCH = YES;
				SDKROOT = iphoneos;
				SWIFT_ACTIVE_COMPILATION_CONDITIONS = "DEBUG $(inherited)";
				SWIFT_OPTIMIZATION_LEVEL = "-Onone";
			};
			name = Debug;
		};
		230AAF4B2D5B0D6600479ADA /* Release */ = {
			isa = XCBuildConfiguration;
			buildSettings = {
				ALWAYS_SEARCH_USER_PATHS = NO;
				ASSETCATALOG_COMPILER_GENERATE_SWIFT_ASSET_SYMBOL_EXTENSIONS = YES;
				CLANG_ANALYZER_NONNULL = YES;
				CLANG_ANALYZER_NUMBER_OBJECT_CONVERSION = YES_AGGRESSIVE;
				CLANG_CXX_LANGUAGE_STANDARD = "gnu++20";
				CLANG_ENABLE_MODULES = YES;
				CLANG_ENABLE_OBJC_ARC = YES;
				CLANG_ENABLE_OBJC_WEAK = YES;
				CLANG_WARN_BLOCK_CAPTURE_AUTORELEASING = YES;
				CLANG_WARN_BOOL_CONVERSION = YES;
				CLANG_WARN_COMMA = YES;
				CLANG_WARN_CONSTANT_CONVERSION = YES;
				CLANG_WARN_DEPRECATED_OBJC_IMPLEMENTATIONS = YES;
				CLANG_WARN_DIRECT_OBJC_ISA_USAGE = YES_ERROR;
				CLANG_WARN_DOCUMENTATION_COMMENTS = YES;
				CLANG_WARN_EMPTY_BODY = YES;
				CLANG_WARN_ENUM_CONVERSION = YES;
				CLANG_WARN_INFINITE_RECURSION = YES;
				CLANG_WARN_INT_CONVERSION = YES;
				CLANG_WARN_NON_LITERAL_NULL_CONVERSION = YES;
				CLANG_WARN_OBJC_IMPLICIT_RETAIN_SELF = YES;
				CLANG_WARN_OBJC_LITERAL_CONVERSION = YES;
				CLANG_WARN_OBJC_ROOT_CLASS = YES_ERROR;
				CLANG_WARN_QUOTED_INCLUDE_IN_FRAMEWORK_HEADER = YES;
				CLANG_WARN_RANGE_LOOP_ANALYSIS = YES;
				CLANG_WARN_STRICT_PROTOTYPES = YES;
				CLANG_WARN_SUSPICIOUS_MOVE = YES;
				CLANG_WARN_UNGUARDED_AVAILABILITY = YES_AGGRESSIVE;
				CLANG_WARN_UNREACHABLE_CODE = YES;
				CLANG_WARN__DUPLICATE_METHOD_MATCH = YES;
				COPY_PHASE_STRIP = NO;
				DEBUG_INFORMATION_FORMAT = "dwarf-with-dsym";
				ENABLE_NS_ASSERTIONS = NO;
				ENABLE_STRICT_OBJC_MSGSEND = YES;
				ENABLE_USER_SCRIPT_SANDBOXING = YES;
				GCC_C_LANGUAGE_STANDARD = gnu17;
				GCC_NO_COMMON_BLOCKS = YES;
				GCC_WARN_64_TO_32_BIT_CONVERSION = YES;
				GCC_WARN_ABOUT_RETURN_TYPE = YES_ERROR;
				GCC_WARN_UNDECLARED_SELECTOR = YES;
				GCC_WARN_UNINITIALIZED_AUTOS = YES_AGGRESSIVE;
				GCC_WARN_UNUSED_FUNCTION = YES;
				GCC_WARN_UNUSED_VARIABLE = YES;
				IPHONEOS_DEPLOYMENT_TARGET = 18.2;
				LOCALIZATION_PREFERS_STRING_CATALOGS = YES;
				MTL_ENABLE_DEBUG_INFO = NO;
				MTL_FAST_MATH = YES;
				SDKROOT = iphoneos;
				SWIFT_COMPILATION_MODE = wholemodule;
				VALIDATE_PRODUCT = YES;
			};
			name = Release;
		};
		230AAF4D2D5B0D6600479ADA /* Debug */ = {
			isa = XCBuildConfiguration;
			buildSettings = {
				ASSETCATALOG_COMPILER_APPICON_NAME = AppIcon;
				ASSETCATALOG_COMPILER_GLOBAL_ACCENT_COLOR_NAME = AccentColor;
				CODE_SIGN_STYLE = Automatic;
				CURRENT_PROJECT_VERSION = 1;
				DEVELOPMENT_ASSET_PATHS = "\"SwiftUIDay02shopSample/Preview Content\"";
				DEVELOPMENT_TEAM = M8M62H2D94;
				ENABLE_PREVIEWS = YES;
				GENERATE_INFOPLIST_FILE = YES;
				INFOPLIST_KEY_UIApplicationSceneManifest_Generation = YES;
				INFOPLIST_KEY_UIApplicationSupportsIndirectInputEvents = YES;
				INFOPLIST_KEY_UILaunchScreen_Generation = YES;
				INFOPLIST_KEY_UISupportedInterfaceOrientations_iPad = "UIInterfaceOrientationPortrait UIInterfaceOrientationPortraitUpsideDown UIInterfaceOrientationLandscapeLeft UIInterfaceOrientationLandscapeRight";
				INFOPLIST_KEY_UISupportedInterfaceOrientations_iPhone = "UIInterfaceOrientationPortrait UIInterfaceOrientationLandscapeLeft UIInterfaceOrientationLandscapeRight";
				LD_RUNPATH_SEARCH_PATHS = (
					"$(inherited)",
					"@executable_path/Frameworks",
				);
				MARKETING_VERSION = 1.0;
				PRODUCT_BUNDLE_IDENTIFIER = org.comstudy.myapp.SwiftUIDay02shopSample;
				PRODUCT_NAME = "$(TARGET_NAME)";
				SWIFT_EMIT_LOC_STRINGS = YES;
				SWIFT_VERSION = 5.0;
				TARGETED_DEVICE_FAMILY = "1,2";
			};
			name = Debug;
		};
		230AAF4E2D5B0D6600479ADA /* Release */ = {
			isa = XCBuildConfiguration;
			buildSettings = {
				ASSETCATALOG_COMPILER_APPICON_NAME = AppIcon;
				ASSETCATALOG_COMPILER_GLOBAL_ACCENT_COLOR_NAME = AccentColor;
				CODE_SIGN_STYLE = Automatic;
				CURRENT_PROJECT_VERSION = 1;
				DEVELOPMENT_ASSET_PATHS = "\"SwiftUIDay02shopSample/Preview Content\"";
				DEVELOPMENT_TEAM = M8M62H2D94;
				ENABLE_PREVIEWS = YES;
				GENERATE_INFOPLIST_FILE = YES;
				INFOPLIST_KEY_UIApplicationSceneManifest_Generation = YES;
				INFOPLIST_KEY_UIApplicationSupportsIndirectInputEvents = YES;
				INFOPLIST_KEY_UILaunchScreen_Generation = YES;
				INFOPLIST_KEY_UISupportedInterfaceOrientations_iPad = "UIInterfaceOrientationPortrait UIInterfaceOrientationPortraitUpsideDown UIInterfaceOrientationLandscapeLeft UIInterfaceOrientationLandscapeRight";
				INFOPLIST_KEY_UISupportedInterfaceOrientations_iPhone = "UIInterfaceOrientationPortrait UIInterfaceOrientationLandscapeLeft UIInterfaceOrientationLandscapeRight";
				LD_RUNPATH_SEARCH_PATHS = (
					"$(inherited)",
					"@executable_path/Frameworks",
				);
				MARKETING_VERSION = 1.0;
				PRODUCT_BUNDLE_IDENTIFIER = org.comstudy.myapp.SwiftUIDay02shopSample;
				PRODUCT_NAME = "$(TARGET_NAME)";
				SWIFT_EMIT_LOC_STRINGS = YES;
				SWIFT_VERSION = 5.0;
				TARGETED_DEVICE_FAMILY = "1,2";
			};
			name = Release;
		};
		230AAF502D5B0D6600479ADA /* Debug */ = {
			isa = XCBuildConfiguration;
			buildSettings = {
				BUNDLE_LOADER = "$(TEST_HOST)";
				CODE_SIGN_STYLE = Automatic;
				CURRENT_PROJECT_VERSION = 1;
				DEVELOPMENT_TEAM = M8M62H2D94;
				GENERATE_INFOPLIST_FILE = YES;
				IPHONEOS_DEPLOYMENT_TARGET = 18.2;
				MARKETING_VERSION = 1.0;
				PRODUCT_BUNDLE_IDENTIFIER = org.comstudy.myapp.SwiftUIDay02shopSampleTests;
				PRODUCT_NAME = "$(TARGET_NAME)";
				SWIFT_EMIT_LOC_STRINGS = NO;
				SWIFT_VERSION = 5.0;
				TARGETED_DEVICE_FAMILY = "1,2";
				TEST_HOST = "$(BUILT_PRODUCTS_DIR)/SwiftUIDay02shopSample.app/$(BUNDLE_EXECUTABLE_FOLDER_PATH)/SwiftUIDay02shopSample";
			};
			name = Debug;
		};
		230AAF512D5B0D6600479ADA /* Release */ = {
			isa = XCBuildConfiguration;
			buildSettings = {
				BUNDLE_LOADER = "$(TEST_HOST)";
				CODE_SIGN_STYLE = Automatic;
				CURRENT_PROJECT_VERSION = 1;
				DEVELOPMENT_TEAM = M8M62H2D94;
				GENERATE_INFOPLIST_FILE = YES;
				IPHONEOS_DEPLOYMENT_TARGET = 18.2;
				MARKETING_VERSION = 1.0;
				PRODUCT_BUNDLE_IDENTIFIER = org.comstudy.myapp.SwiftUIDay02shopSampleTests;
				PRODUCT_NAME = "$(TARGET_NAME)";
				SWIFT_EMIT_LOC_STRINGS = NO;
				SWIFT_VERSION = 5.0;
				TARGETED_DEVICE_FAMILY = "1,2";
				TEST_HOST = "$(BUILT_PRODUCTS_DIR)/SwiftUIDay02shopSample.app/$(BUNDLE_EXECUTABLE_FOLDER_PATH)/SwiftUIDay02shopSample";
			};
			name = Release;
		};
		230AAF532D5B0D6600479ADA /* Debug */ = {
			isa = XCBuildConfiguration;
			buildSettings = {
				CODE_SIGN_STYLE = Automatic;
				CURRENT_PROJECT_VERSION = 1;
				DEVELOPMENT_TEAM = M8M62H2D94;
				GENERATE_INFOPLIST_FILE = YES;
				MARKETING_VERSION = 1.0;
				PRODUCT_BUNDLE_IDENTIFIER = org.comstudy.myapp.SwiftUIDay02shopSampleUITests;
				PRODUCT_NAME = "$(TARGET_NAME)";
				SWIFT_EMIT_LOC_STRINGS = NO;
				SWIFT_VERSION = 5.0;
				TARGETED_DEVICE_FAMILY = "1,2";
				TEST_TARGET_NAME = SwiftUIDay02shopSample;
			};
			name = Debug;
		};
		230AAF542D5B0D6600479ADA /* Release */ = {
			isa = XCBuildConfiguration;
			buildSettings = {
				CODE_SIGN_STYLE = Automatic;
				CURRENT_PROJECT_VERSION = 1;
				DEVELOPMENT_TEAM = M8M62H2D94;
				GENERATE_INFOPLIST_FILE = YES;
				MARKETING_VERSION = 1.0;
				PRODUCT_BUNDLE_IDENTIFIER = org.comstudy.myapp.SwiftUIDay02shopSampleUITests;
				PRODUCT_NAME = "$(TARGET_NAME)";
				SWIFT_EMIT_LOC_STRINGS = NO;
				SWIFT_VERSION = 5.0;
				TARGETED_DEVICE_FAMILY = "1,2";
				TEST_TARGET_NAME = SwiftUIDay02shopSample;
			};
			name = Release;
		};
/* End XCBuildConfiguration section */

/* Begin XCConfigurationList section */
		230AAF232D5B0D6400479ADA /* Build configuration list for PBXProject "SwiftUIDay02shopSample" */ = {
			isa = XCConfigurationList;
			buildConfigurations = (
				230AAF4A2D5B0D6600479ADA /* Debug */,
				230AAF4B2D5B0D6600479ADA /* Release */,
			);
			defaultConfigurationIsVisible = 0;
			defaultConfigurationName = Release;
		};
		230AAF4C2D5B0D6600479ADA /* Build configuration list for PBXNativeTarget "SwiftUIDay02shopSample" */ = {
			isa = XCConfigurationList;
			buildConfigurations = (
				230AAF4D2D5B0D6600479ADA /* Debug */,
				230AAF4E2D5B0D6600479ADA /* Release */,
			);
			defaultConfigurationIsVisible = 0;
			defaultConfigurationName = Release;
		};
		230AAF4F2D5B0D6600479ADA /* Build configuration list for PBXNativeTarget "SwiftUIDay02shopSampleTests" */ = {
			isa = XCConfigurationList;
			buildConfigurations = (
				230AAF502D5B0D6600479ADA /* Debug */,
				230AAF512D5B0D6600479ADA /* Release */,
			);
			defaultConfigurationIsVisible = 0;
			defaultConfigurationName = Release;
		};
		230AAF522D5B0D6600479ADA /* Build configuration list for PBXNativeTarget "SwiftUIDay02shopSampleUITests" */ = {
			isa = XCConfigurationList;
			buildConfigurations = (
				230AAF532D5B0D6600479ADA /* Debug */,
				230AAF542D5B0D6600479ADA /* Release */,
			);
			defaultConfigurationIsVisible = 0;
			defaultConfigurationName = Release;
		};
/* End XCConfigurationList section */
	};
	rootObject = 230AAF202D5B0D6400479ADA /* Project object */;
}
