// !$*UTF8*$!
{
	archiveVersion = 1;
	classes = {
	};
	objectVersion = 77;
	objects = {

/* Begin PBXContainerItemProxy section */
		230AADDF2D599BB400479ADA /* PBXContainerItemProxy */ = {
			isa = PBXContainerItemProxy;
			containerPortal = 230AADC62D599BB200479ADA /* Project object */;
			proxyType = 1;
			remoteGlobalIDString = 230AADCD2D599BB200479ADA;
			remoteInfo = SwiftUIDay01ex03;
		};
		230AADE92D599BB400479ADA /* PBXContainerItemProxy */ = {
			isa = PBXContainerItemProxy;
			containerPortal = 230AADC62D599BB200479ADA /* Project object */;
			proxyType = 1;
			remoteGlobalIDString = 230AADCD2D599BB200479ADA;
			remoteInfo = SwiftUIDay01ex03;
		};
/* End PBXContainerItemProxy section */

/* Begin PBXFileReference section */
		230AADCE2D599BB200479ADA /* SwiftUIDay01ex03.app */ = {isa = PBXFileReference; explicitFileType = wrapper.application; includeInIndex = 0; path = SwiftUIDay01ex03.app; sourceTree = BUILT_PRODUCTS_DIR; };
		230AADDE2D599BB400479ADA /* SwiftUIDay01ex03Tests.xctest */ = {isa = PBXFileReference; explicitFileType = wrapper.cfbundle; includeInIndex = 0; path = SwiftUIDay01ex03Tests.xctest; sourceTree = BUILT_PRODUCTS_DIR; };
		230AADE82D599BB400479ADA /* SwiftUIDay01ex03UITests.xctest */ = {isa = PBXFileReference; explicitFileType = wrapper.cfbundle; includeInIndex = 0; path = SwiftUIDay01ex03UITests.xctest; sourceTree = BUILT_PRODUCTS_DIR; };
/* End PBXFileReference section */

/* Begin PBXFileSystemSynchronizedRootGroup section */
		230AADD02D599BB200479ADA /* SwiftUIDay01ex03 */ = {
			isa = PBXFileSystemSynchronizedRootGroup;
			path = SwiftUIDay01ex03;
			sourceTree = "<group>";
		};
		230AADE12D599BB400479ADA /* SwiftUIDay01ex03Tests */ = {
			isa = PBXFileSystemSynchronizedRootGroup;
			path = SwiftUIDay01ex03Tests;
			sourceTree = "<group>";
		};
		230AADEB2D599BB400479ADA /* SwiftUIDay01ex03UITests */ = {
			isa = PBXFileSystemSynchronizedRootGroup;
			path = SwiftUIDay01ex03UITests;
			sourceTree = "<group>";
		};
/* End PBXFileSystemSynchronizedRootGroup section */

/* Begin PBXFrameworksBuildPhase section */
		230AADCB2D599BB200479ADA /* Frameworks */ = {
			isa = PBXFrameworksBuildPhase;
			buildActionMask = 2147483647;
			files = (
			);
			runOnlyForDeploymentPostprocessing = 0;
		};
		230AADDB2D599BB400479ADA /* Frameworks */ = {
			isa = PBXFrameworksBuildPhase;
			buildActionMask = 2147483647;
			files = (
			);
			runOnlyForDeploymentPostprocessing = 0;
		};
		230AADE52D599BB400479ADA /* Frameworks */ = {
			isa = PBXFrameworksBuildPhase;
			buildActionMask = 2147483647;
			files = (
			);
			runOnlyForDeploymentPostprocessing = 0;
		};
/* End PBXFrameworksBuildPhase section */

/* Begin PBXGroup section */
		230AADC52D599BB200479ADA = {
			isa = PBXGroup;
			children = (
				230AADD02D599BB200479ADA /* SwiftUIDay01ex03 */,
				230AADE12D599BB400479ADA /* SwiftUIDay01ex03Tests */,
				230AADEB2D599BB400479ADA /* SwiftUIDay01ex03UITests */,
				230AADCF2D599BB200479ADA /* Products */,
			);
			sourceTree = "<group>";
		};
		230AADCF2D599BB200479ADA /* Products */ = {
			isa = PBXGroup;
			children = (
				230AADCE2D599BB200479ADA /* SwiftUIDay01ex03.app */,
				230AADDE2D599BB400479ADA /* SwiftUIDay01ex03Tests.xctest */,
				230AADE82D599BB400479ADA /* SwiftUIDay01ex03UITests.xctest */,
			);
			name = Products;
			sourceTree = "<group>";
		};
/* End PBXGroup section */

/* Begin PBXNativeTarget section */
		230AADCD2D599BB200479ADA /* SwiftUIDay01ex03 */ = {
			isa = PBXNativeTarget;
			buildConfigurationList = 230AADF22D599BB400479ADA /* Build configuration list for PBXNativeTarget "SwiftUIDay01ex03" */;
			buildPhases = (
				230AADCA2D599BB200479ADA /* Sources */,
				230AADCB2D599BB200479ADA /* Frameworks */,
				230AADCC2D599BB200479ADA /* Resources */,
			);
			buildRules = (
			);
			dependencies = (
			);
			fileSystemSynchronizedGroups = (
				230AADD02D599BB200479ADA /* SwiftUIDay01ex03 */,
			);
			name = SwiftUIDay01ex03;
			packageProductDependencies = (
			);
			productName = SwiftUIDay01ex03;
			productReference = 230AADCE2D599BB200479ADA /* SwiftUIDay01ex03.app */;
			productType = "com.apple.product-type.application";
		};
		230AADDD2D599BB400479ADA /* SwiftUIDay01ex03Tests */ = {
			isa = PBXNativeTarget;
			buildConfigurationList = 230AADF52D599BB400479ADA /* Build configuration list for PBXNativeTarget "SwiftUIDay01ex03Tests" */;
			buildPhases = (
				230AADDA2D599BB400479ADA /* Sources */,
				230AADDB2D599BB400479ADA /* Frameworks */,
				230AADDC2D599BB400479ADA /* Resources */,
			);
			buildRules = (
			);
			dependencies = (
				230AADE02D599BB400479ADA /* PBXTargetDependency */,
			);
			fileSystemSynchronizedGroups = (
				230AADE12D599BB400479ADA /* SwiftUIDay01ex03Tests */,
			);
			name = SwiftUIDay01ex03Tests;
			packageProductDependencies = (
			);
			productName = SwiftUIDay01ex03Tests;
			productReference = 230AADDE2D599BB400479ADA /* SwiftUIDay01ex03Tests.xctest */;
			productType = "com.apple.product-type.bundle.unit-test";
		};
		230AADE72D599BB400479ADA /* SwiftUIDay01ex03UITests */ = {
			isa = PBXNativeTarget;
			buildConfigurationList = 230AADF82D599BB400479ADA /* Build configuration list for PBXNativeTarget "SwiftUIDay01ex03UITests" */;
			buildPhases = (
				230AADE42D599BB400479ADA /* Sources */,
				230AADE52D599BB400479ADA /* Frameworks */,
				230AADE62D599BB400479ADA /* Resources */,
			);
			buildRules = (
			);
			dependencies = (
				230AADEA2D599BB400479ADA /* PBXTargetDependency */,
			);
			fileSystemSynchronizedGroups = (
				230AADEB2D599BB400479ADA /* SwiftUIDay01ex03UITests */,
			);
			name = SwiftUIDay01ex03UITests;
			packageProductDependencies = (
			);
			productName = SwiftUIDay01ex03UITests;
			productReference = 230AADE82D599BB400479ADA /* SwiftUIDay01ex03UITests.xctest */;
			productType = "com.apple.product-type.bundle.ui-testing";
		};
/* End PBXNativeTarget section */

/* Begin PBXProject section */
		230AADC62D599BB200479ADA /* Project object */ = {
			isa = PBXProject;
			attributes = {
				BuildIndependentTargetsInParallel = 1;
				LastSwiftUpdateCheck = 1620;
				LastUpgradeCheck = 1620;
				TargetAttributes = {
					230AADCD2D599BB200479ADA = {
						CreatedOnToolsVersion = 16.2;
					};
					230AADDD2D599BB400479ADA = {
						CreatedOnToolsVersion = 16.2;
						TestTargetID = 230AADCD2D599BB200479ADA;
					};
					230AADE72D599BB400479ADA = {
						CreatedOnToolsVersion = 16.2;
						TestTargetID = 230AADCD2D599BB200479ADA;
					};
				};
			};
			buildConfigurationList = 230AADC92D599BB200479ADA /* Build configuration list for PBXProject "SwiftUIDay01ex03" */;
			developmentRegion = en;
			hasScannedForEncodings = 0;
			knownRegions = (
				en,
				Base,
			);
			mainGroup = 230AADC52D599BB200479ADA;
			minimizedProjectReferenceProxies = 1;
			preferredProjectObjectVersion = 77;
			productRefGroup = 230AADCF2D599BB200479ADA /* Products */;
			projectDirPath = "";
			projectRoot = "";
			targets = (
				230AADCD2D599BB200479ADA /* SwiftUIDay01ex03 */,
				230AADDD2D599BB400479ADA /* SwiftUIDay01ex03Tests */,
				230AADE72D599BB400479ADA /* SwiftUIDay01ex03UITests */,
			);
		};
/* End PBXProject section */

/* Begin PBXResourcesBuildPhase section */
		230AADCC2D599BB200479ADA /* Resources */ = {
			isa = PBXResourcesBuildPhase;
			buildActionMask = 2147483647;
			files = (
			);
			runOnlyForDeploymentPostprocessing = 0;
		};
		230AADDC2D599BB400479ADA /* Resources */ = {
			isa = PBXResourcesBuildPhase;
			buildActionMask = 2147483647;
			files = (
			);
			runOnlyForDeploymentPostprocessing = 0;
		};
		230AADE62D599BB400479ADA /* Resources */ = {
			isa = PBXResourcesBuildPhase;
			buildActionMask = 2147483647;
			files = (
			);
			runOnlyForDeploymentPostprocessing = 0;
		};
/* End PBXResourcesBuildPhase section */

/* Begin PBXSourcesBuildPhase section */
		230AADCA2D599BB200479ADA /* Sources */ = {
			isa = PBXSourcesBuildPhase;
			buildActionMask = 2147483647;
			files = (
			);
			runOnlyForDeploymentPostprocessing = 0;
		};
		230AADDA2D599BB400479ADA /* Sources */ = {
			isa = PBXSourcesBuildPhase;
			buildActionMask = 2147483647;
			files = (
			);
			runOnlyForDeploymentPostprocessing = 0;
		};
		230AADE42D599BB400479ADA /* Sources */ = {
			isa = PBXSourcesBuildPhase;
			buildActionMask = 2147483647;
			files = (
			);
			runOnlyForDeploymentPostprocessing = 0;
		};
/* End PBXSourcesBuildPhase section */

/* Begin PBXTargetDependency section */
		230AADE02D599BB400479ADA /* PBXTargetDependency */ = {
			isa = PBXTargetDependency;
			target = 230AADCD2D599BB200479ADA /* SwiftUIDay01ex03 */;
			targetProxy = 230AADDF2D599BB400479ADA /* PBXContainerItemProxy */;
		};
		230AADEA2D599BB400479ADA /* PBXTargetDependency */ = {
			isa = PBXTargetDependency;
			target = 230AADCD2D599BB200479ADA /* SwiftUIDay01ex03 */;
			targetProxy = 230AADE92D599BB400479ADA /* PBXContainerItemProxy */;
		};
/* End PBXTargetDependency section */

/* Begin XCBuildConfiguration section */
		230AADF02D599BB400479ADA /* Debug */ = {
			isa = XCBuildConfiguration;
			buildSettings = {
				ALWAYS_SEARCH_USER_PATHS = NO;
				ASSETCATALOG_COMPILER_GENERATE_SWIFT_ASSET_SYMBOL_EXTENSIONS = YES;
				CLANG_ANALYZER_NONNULL = YES;
				CLANG_ANALYZER_NUMBER_OBJECT_CONVERSION = YES_AGGRESSIVE;
				CLANG_CXX_LANGUAGE_STANDARD = "gnu++20";
				CLANG_ENABLE_MODULES = YES;
				CLANG_ENABLE_OBJC_ARC = YES;
				CLANG_ENABLE_OBJC_WEAK = YES;
				CLANG_WARN_BLOCK_CAPTURE_AUTORELEASING = YES;
				CLANG_WARN_BOOL_CONVERSION = YES;
				CLANG_WARN_COMMA = YES;
				CLANG_WARN_CONSTANT_CONVERSION = YES;
				CLANG_WARN_DEPRECATED_OBJC_IMPLEMENTATIONS = YES;
				CLANG_WARN_DIRECT_OBJC_ISA_USAGE = YES_ERROR;
				CLANG_WARN_DOCUMENTATION_COMMENTS = YES;
				CLANG_WARN_EMPTY_BODY = YES;
				CLANG_WARN_ENUM_CONVERSION = YES;
				CLANG_WARN_INFINITE_RECURSION = YES;
				CLANG_WARN_INT_CONVERSION = YES;
				CLANG_WARN_NON_LITERAL_NULL_CONVERSION = YES;
				CLANG_WARN_OBJC_IMPLICIT_RETAIN_SELF = YES;
				CLANG_WARN_OBJC_LITERAL_CONVERSION = YES;
				CLANG_WARN_OBJC_ROOT_CLASS = YES_ERROR;
				CLANG_WARN_QUOTED_INCLUDE_IN_FRAMEWORK_HEADER = YES;
				CLANG_WARN_RANGE_LOOP_ANALYSIS = YES;
				CLANG_WARN_STRICT_PROTOTYPES = YES;
				CLANG_WARN_SUSPICIOUS_MOVE = YES;
				CLANG_WARN_UNGUARDED_AVAILABILITY = YES_AGGRESSIVE;
				CLANG_WARN_UNREACHABLE_CODE = YES;
				CLANG_WARN__DUPLICATE_METHOD_MATCH = YES;
				COPY_PHASE_STRIP = NO;
				DEBUG_INFORMATION_FORMAT = dwarf;
				ENABLE_STRICT_OBJC_MSGSEND = YES;
				ENABLE_TESTABILITY = YES;
				ENABLE_USER_SCRIPT_SANDBOXING = YES;
				GCC_C_LANGUAGE_STANDARD = gnu17;
				GCC_DYNAMIC_NO_PIC = NO;
				GCC_NO_COMMON_BLOCKS = YES;
				GCC_OPTIMIZATION_LEVEL = 0;
				GCC_PREPROCESSOR_DEFINITIONS = (
					"DEBUG=1",
					"$(inherited)",
				);
				GCC_WARN_64_TO_32_BIT_CONVERSION = YES;
				GCC_WARN_ABOUT_RETURN_TYPE = YES_ERROR;
				GCC_WARN_UNDECLARED_SELECTOR = YES;
				GCC_WARN_UNINITIALIZED_AUTOS = YES_AGGRESSIVE;
				GCC_WARN_UNUSED_FUNCTION = YES;
				GCC_WARN_UNUSED_VARIABLE = YES;
				IPHONEOS_DEPLOYMENT_TARGET = 18.2;
				LOCALIZATION_PREFERS_STRING_CATALOGS = YES;
				MTL_ENABLE_DEBUG_INFO = INCLUDE_SOURCE;
				MTL_FAST_MATH = YES;
				ONLY_ACTIVE_ARCH = YES;
				SDKROOT = iphoneos;
				SWIFT_ACTIVE_COMPILATION_CONDITIONS = "DEBUG $(inherited)";
				SWIFT_OPTIMIZATION_LEVEL = "-Onone";
			};
			name = Debug;
		};
		230AADF12D599BB400479ADA /* Release */ = {
			isa = XCBuildConfiguration;
			buildSettings = {
				ALWAYS_SEARCH_USER_PATHS = NO;
				ASSETCATALOG_COMPILER_GENERATE_SWIFT_ASSET_SYMBOL_EXTENSIONS = YES;
				CLANG_ANALYZER_NONNULL = YES;
				CLANG_ANALYZER_NUMBER_OBJECT_CONVERSION = YES_AGGRESSIVE;
				CLANG_CXX_LANGUAGE_STANDARD = "gnu++20";
				CLANG_ENABLE_MODULES = YES;
				CLANG_ENABLE_OBJC_ARC = YES;
				CLANG_ENABLE_OBJC_WEAK = YES;
				CLANG_WARN_BLOCK_CAPTURE_AUTORELEASING = YES;
				CLANG_WARN_BOOL_CONVERSION = YES;
				CLANG_WARN_COMMA = YES;
				CLANG_WARN_CONSTANT_CONVERSION = YES;
				CLANG_WARN_DEPRECATED_OBJC_IMPLEMENTATIONS = YES;
				CLANG_WARN_DIRECT_OBJC_ISA_USAGE = YES_ERROR;
				CLANG_WARN_DOCUMENTATION_COMMENTS = YES;
				CLANG_WARN_EMPTY_BODY = YES;
				CLANG_WARN_ENUM_CONVERSION = YES;
				CLANG_WARN_INFINITE_RECURSION = YES;
				CLANG_WARN_INT_CONVERSION = YES;
				CLANG_WARN_NON_LITERAL_NULL_CONVERSION = YES;
				CLANG_WARN_OBJC_IMPLICIT_RETAIN_SELF = YES;
				CLANG_WARN_OBJC_LITERAL_CONVERSION = YES;
				CLANG_WARN_OBJC_ROOT_CLASS = YES_ERROR;
				CLANG_WARN_QUOTED_INCLUDE_IN_FRAMEWORK_HEADER = YES;
				CLANG_WARN_RANGE_LOOP_ANALYSIS = YES;
				CLANG_WARN_STRICT_PROTOTYPES = YES;
				CLANG_WARN_SUSPICIOUS_MOVE = YES;
				CLANG_WARN_UNGUARDED_AVAILABILITY = YES_AGGRESSIVE;
				CLANG_WARN_UNREACHABLE_CODE = YES;
				CLANG_WARN__DUPLICATE_METHOD_MATCH = YES;
				COPY_PHASE_STRIP = NO;
				DEBUG_INFORMATION_FORMAT = "dwarf-with-dsym";
				ENABLE_NS_ASSERTIONS = NO;
				ENABLE_STRICT_OBJC_MSGSEND = YES;
				ENABLE_USER_SCRIPT_SANDBOXING = YES;
				GCC_C_LANGUAGE_STANDARD = gnu17;
				GCC_NO_COMMON_BLOCKS = YES;
				GCC_WARN_64_TO_32_BIT_CONVERSION = YES;
				GCC_WARN_ABOUT_RETURN_TYPE = YES_ERROR;
				GCC_WARN_UNDECLARED_SELECTOR = YES;
				GCC_WARN_UNINITIALIZED_AUTOS = YES_AGGRESSIVE;
				GCC_WARN_UNUSED_FUNCTION = YES;
				GCC_WARN_UNUSED_VARIABLE = YES;
				IPHONEOS_DEPLOYMENT_TARGET = 18.2;
				LOCALIZATION_PREFERS_STRING_CATALOGS = YES;
				MTL_ENABLE_DEBUG_INFO = NO;
				MTL_FAST_MATH = YES;
				SDKROOT = iphoneos;
				SWIFT_COMPILATION_MODE = wholemodule;
				VALIDATE_PRODUCT = YES;
			};
			name = Release;
		};
		230AADF32D599BB400479ADA /* Debug */ = {
			isa = XCBuildConfiguration;
			buildSettings = {
				ASSETCATALOG_COMPILER_APPICON_NAME = AppIcon;
				ASSETCATALOG_COMPILER_GLOBAL_ACCENT_COLOR_NAME = AccentColor;
				CODE_SIGN_STYLE = Automatic;
				CURRENT_PROJECT_VERSION = 1;
				DEVELOPMENT_ASSET_PATHS = "\"SwiftUIDay01ex03/Preview Content\"";
				DEVELOPMENT_TEAM = M8M62H2D94;
				ENABLE_PREVIEWS = YES;
				GENERATE_INFOPLIST_FILE = YES;
				INFOPLIST_KEY_UIApplicationSceneManifest_Generation = YES;
				INFOPLIST_KEY_UIApplicationSupportsIndirectInputEvents = YES;
				INFOPLIST_KEY_UILaunchScreen_Generation = YES;
				INFOPLIST_KEY_UISupportedInterfaceOrientations_iPad = "UIInterfaceOrientationPortrait UIInterfaceOrientationPortraitUpsideDown UIInterfaceOrientationLandscapeLeft UIInterfaceOrientationLandscapeRight";
				INFOPLIST_KEY_UISupportedInterfaceOrientations_iPhone = "UIInterfaceOrientationPortrait UIInterfaceOrientationLandscapeLeft UIInterfaceOrientationLandscapeRight";
				LD_RUNPATH_SEARCH_PATHS = (
					"$(inherited)",
					"@executable_path/Frameworks",
				);
				MARKETING_VERSION = 1.0;
				PRODUCT_BUNDLE_IDENTIFIER = org.comstudy.myapp.SwiftUIDay01ex03;
				PRODUCT_NAME = "$(TARGET_NAME)";
				SWIFT_EMIT_LOC_STRINGS = YES;
				SWIFT_VERSION = 5.0;
				TARGETED_DEVICE_FAMILY = "1,2";
			};
			name = Debug;
		};
		230AADF42D599BB400479ADA /* Release */ = {
			isa = XCBuildConfiguration;
			buildSettings = {
				ASSETCATALOG_COMPILER_APPICON_NAME = AppIcon;
				ASSETCATALOG_COMPILER_GLOBAL_ACCENT_COLOR_NAME = AccentColor;
				CODE_SIGN_STYLE = Automatic;
				CURRENT_PROJECT_VERSION = 1;
				DEVELOPMENT_ASSET_PATHS = "\"SwiftUIDay01ex03/Preview Content\"";
				DEVELOPMENT_TEAM = M8M62H2D94;
				ENABLE_PREVIEWS = YES;
				GENERATE_INFOPLIST_FILE = YES;
				INFOPLIST_KEY_UIApplicationSceneManifest_Generation = YES;
				INFOPLIST_KEY_UIApplicationSupportsIndirectInputEvents = YES;
				INFOPLIST_KEY_UILaunchScreen_Generation = YES;
				INFOPLIST_KEY_UISupportedInterfaceOrientations_iPad = "UIInterfaceOrientationPortrait UIInterfaceOrientationPortraitUpsideDown UIInterfaceOrientationLandscapeLeft UIInterfaceOrientationLandscapeRight";
				INFOPLIST_KEY_UISupportedInterfaceOrientations_iPhone = "UIInterfaceOrientationPortrait UIInterfaceOrientationLandscapeLeft UIInterfaceOrientationLandscapeRight";
				LD_RUNPATH_SEARCH_PATHS = (
					"$(inherited)",
					"@executable_path/Frameworks",
				);
				MARKETING_VERSION = 1.0;
				PRODUCT_BUNDLE_IDENTIFIER = org.comstudy.myapp.SwiftUIDay01ex03;
				PRODUCT_NAME = "$(TARGET_NAME)";
				SWIFT_EMIT_LOC_STRINGS = YES;
				SWIFT_VERSION = 5.0;
				TARGETED_DEVICE_FAMILY = "1,2";
			};
			name = Release;
		};
		230AADF62D599BB400479ADA /* Debug */ = {
			isa = XCBuildConfiguration;
			buildSettings = {
				BUNDLE_LOADER = "$(TEST_HOST)";
				CODE_SIGN_STYLE = Automatic;
				CURRENT_PROJECT_VERSION = 1;
				DEVELOPMENT_TEAM = M8M62H2D94;
				GENERATE_INFOPLIST_FILE = YES;
				IPHONEOS_DEPLOYMENT_TARGET = 18.2;
				MARKETING_VERSION = 1.0;
				PRODUCT_BUNDLE_IDENTIFIER = org.comstudy.myapp.SwiftUIDay01ex03Tests;
				PRODUCT_NAME = "$(TARGET_NAME)";
				SWIFT_EMIT_LOC_STRINGS = NO;
				SWIFT_VERSION = 5.0;
				TARGETED_DEVICE_FAMILY = "1,2";
				TEST_HOST = "$(BUILT_PRODUCTS_DIR)/SwiftUIDay01ex03.app/$(BUNDLE_EXECUTABLE_FOLDER_PATH)/SwiftUIDay01ex03";
			};
			name = Debug;
		};
		230AADF72D599BB400479ADA /* Release */ = {
			isa = XCBuildConfiguration;
			buildSettings = {
				BUNDLE_LOADER = "$(TEST_HOST)";
				CODE_SIGN_STYLE = Automatic;
				CURRENT_PROJECT_VERSION = 1;
				DEVELOPMENT_TEAM = M8M62H2D94;
				GENERATE_INFOPLIST_FILE = YES;
				IPHONEOS_DEPLOYMENT_TARGET = 18.2;
				MARKETING_VERSION = 1.0;
				PRODUCT_BUNDLE_IDENTIFIER = org.comstudy.myapp.SwiftUIDay01ex03Tests;
				PRODUCT_NAME = "$(TARGET_NAME)";
				SWIFT_EMIT_LOC_STRINGS = NO;
				SWIFT_VERSION = 5.0;
				TARGETED_DEVICE_FAMILY = "1,2";
				TEST_HOST = "$(BUILT_PRODUCTS_DIR)/SwiftUIDay01ex03.app/$(BUNDLE_EXECUTABLE_FOLDER_PATH)/SwiftUIDay01ex03";
			};
			name = Release;
		};
		230AADF92D599BB400479ADA /* Debug */ = {
			isa = XCBuildConfiguration;
			buildSettings = {
				CODE_SIGN_STYLE = Automatic;
				CURRENT_PROJECT_VERSION = 1;
				DEVELOPMENT_TEAM = M8M62H2D94;
				GENERATE_INFOPLIST_FILE = YES;
				MARKETING_VERSION = 1.0;
				PRODUCT_BUNDLE_IDENTIFIER = org.comstudy.myapp.SwiftUIDay01ex03UITests;
				PRODUCT_NAME = "$(TARGET_NAME)";
				SWIFT_EMIT_LOC_STRINGS = NO;
				SWIFT_VERSION = 5.0;
				TARGETED_DEVICE_FAMILY = "1,2";
				TEST_TARGET_NAME = SwiftUIDay01ex03;
			};
			name = Debug;
		};
		230AADFA2D599BB400479ADA /* Release */ = {
			isa = XCBuildConfiguration;
			buildSettings = {
				CODE_SIGN_STYLE = Automatic;
				CURRENT_PROJECT_VERSION = 1;
				DEVELOPMENT_TEAM = M8M62H2D94;
				GENERATE_INFOPLIST_FILE = YES;
				MARKETING_VERSION = 1.0;
				PRODUCT_BUNDLE_IDENTIFIER = org.comstudy.myapp.SwiftUIDay01ex03UITests;
				PRODUCT_NAME = "$(TARGET_NAME)";
				SWIFT_EMIT_LOC_STRINGS = NO;
				SWIFT_VERSION = 5.0;
				TARGETED_DEVICE_FAMILY = "1,2";
				TEST_TARGET_NAME = SwiftUIDay01ex03;
			};
			name = Release;
		};
/* End XCBuildConfiguration section */

/* Begin XCConfigurationList section */
		230AADC92D599BB200479ADA /* Build configuration list for PBXProject "SwiftUIDay01ex03" */ = {
			isa = XCConfigurationList;
			buildConfigurations = (
				230AADF02D599BB400479ADA /* Debug */,
				230AADF12D599BB400479ADA /* Release */,
			);
			defaultConfigurationIsVisible = 0;
			defaultConfigurationName = Release;
		};
		230AADF22D599BB400479ADA /* Build configuration list for PBXNativeTarget "SwiftUIDay01ex03" */ = {
			isa = XCConfigurationList;
			buildConfigurations = (
				230AADF32D599BB400479ADA /* Debug */,
				230AADF42D599BB400479ADA /* Release */,
			);
			defaultConfigurationIsVisible = 0;
			defaultConfigurationName = Release;
		};
		230AADF52D599BB400479ADA /* Build configuration list for PBXNativeTarget "SwiftUIDay01ex03Tests" */ = {
			isa = XCConfigurationList;
			buildConfigurations = (
				230AADF62D599BB400479ADA /* Debug */,
				230AADF72D599BB400479ADA /* Release */,
			);
			defaultConfigurationIsVisible = 0;
			defaultConfigurationName = Release;
		};
		230AADF82D599BB400479ADA /* Build configuration list for PBXNativeTarget "SwiftUIDay01ex03UITests" */ = {
			isa = XCConfigurationList;
			buildConfigurations = (
				230AADF92D599BB400479ADA /* Debug */,
				230AADFA2D599BB400479ADA /* Release */,
			);
			defaultConfigurationIsVisible = 0;
			defaultConfigurationName = Release;
		};
/* End XCConfigurationList section */
	};
	rootObject = 230AADC62D599BB200479ADA /* Project object */;
}
