// !$*UTF8*$!
{
	archiveVersion = 1;
	classes = {
	};
	objectVersion = 77;
	objects = {

/* Begin PBXContainerItemProxy section */
		230AB0C22D5C40E000479ADA /* PBXContainerItemProxy */ = {
			isa = PBXContainerItemProxy;
			containerPortal = 230AB0A92D5C40DF00479ADA /* Project object */;
			proxyType = 1;
			remoteGlobalIDString = 230AB0B02D5C40DF00479ADA;
			remoteInfo = SwiftUIDay03ex02;
		};
		230AB0CC2D5C40E000479ADA /* PBXContainerItemProxy */ = {
			isa = PBXContainerItemProxy;
			containerPortal = 230AB0A92D5C40DF00479ADA /* Project object */;
			proxyType = 1;
			remoteGlobalIDString = 230AB0B02D5C40DF00479ADA;
			remoteInfo = SwiftUIDay03ex02;
		};
/* End PBXContainerItemProxy section */

/* Begin PBXFileReference section */
		230AB0B12D5C40DF00479ADA /* SwiftUIDay03ex02.app */ = {isa = PBXFileReference; explicitFileType = wrapper.application; includeInIndex = 0; path = SwiftUIDay03ex02.app; sourceTree = BUILT_PRODUCTS_DIR; };
		230AB0C12D5C40E000479ADA /* SwiftUIDay03ex02Tests.xctest */ = {isa = PBXFileReference; explicitFileType = wrapper.cfbundle; includeInIndex = 0; path = SwiftUIDay03ex02Tests.xctest; sourceTree = BUILT_PRODUCTS_DIR; };
		230AB0CB2D5C40E000479ADA /* SwiftUIDay03ex02UITests.xctest */ = {isa = PBXFileReference; explicitFileType = wrapper.cfbundle; includeInIndex = 0; path = SwiftUIDay03ex02UITests.xctest; sourceTree = BUILT_PRODUCTS_DIR; };
/* End PBXFileReference section */

/* Begin PBXFileSystemSynchronizedRootGroup section */
		230AB0B32D5C40DF00479ADA /* SwiftUIDay03ex02 */ = {
			isa = PBXFileSystemSynchronizedRootGroup;
			path = SwiftUIDay03ex02;
			sourceTree = "<group>";
		};
		230AB0C42D5C40E000479ADA /* SwiftUIDay03ex02Tests */ = {
			isa = PBXFileSystemSynchronizedRootGroup;
			path = SwiftUIDay03ex02Tests;
			sourceTree = "<group>";
		};
		230AB0CE2D5C40E000479ADA /* SwiftUIDay03ex02UITests */ = {
			isa = PBXFileSystemSynchronizedRootGroup;
			path = SwiftUIDay03ex02UITests;
			sourceTree = "<group>";
		};
/* End PBXFileSystemSynchronizedRootGroup section */

/* Begin PBXFrameworksBuildPhase section */
		230AB0AE2D5C40DF00479ADA /* Frameworks */ = {
			isa = PBXFrameworksBuildPhase;
			buildActionMask = 2147483647;
			files = (
			);
			runOnlyForDeploymentPostprocessing = 0;
		};
		230AB0BE2D5C40E000479ADA /* Frameworks */ = {
			isa = PBXFrameworksBuildPhase;
			buildActionMask = 2147483647;
			files = (
			);
			runOnlyForDeploymentPostprocessing = 0;
		};
		230AB0C82D5C40E000479ADA /* Frameworks */ = {
			isa = PBXFrameworksBuildPhase;
			buildActionMask = 2147483647;
			files = (
			);
			runOnlyForDeploymentPostprocessing = 0;
		};
/* End PBXFrameworksBuildPhase section */

/* Begin PBXGroup section */
		230AB0A82D5C40DF00479ADA = {
			isa = PBXGroup;
			children = (
				230AB0B32D5C40DF00479ADA /* SwiftUIDay03ex02 */,
				230AB0C42D5C40E000479ADA /* SwiftUIDay03ex02Tests */,
				230AB0CE2D5C40E000479ADA /* SwiftUIDay03ex02UITests */,
				230AB0B22D5C40DF00479ADA /* Products */,
			);
			sourceTree = "<group>";
		};
		230AB0B22D5C40DF00479ADA /* Products */ = {
			isa = PBXGroup;
			children = (
				230AB0B12D5C40DF00479ADA /* SwiftUIDay03ex02.app */,
				230AB0C12D5C40E000479ADA /* SwiftUIDay03ex02Tests.xctest */,
				230AB0CB2D5C40E000479ADA /* SwiftUIDay03ex02UITests.xctest */,
			);
			name = Products;
			sourceTree = "<group>";
		};
/* End PBXGroup section */

/* Begin PBXNativeTarget section */
		230AB0B02D5C40DF00479ADA /* SwiftUIDay03ex02 */ = {
			isa = PBXNativeTarget;
			buildConfigurationList = 230AB0D52D5C40E000479ADA /* Build configuration list for PBXNativeTarget "SwiftUIDay03ex02" */;
			buildPhases = (
				230AB0AD2D5C40DF00479ADA /* Sources */,
				230AB0AE2D5C40DF00479ADA /* Frameworks */,
				230AB0AF2D5C40DF00479ADA /* Resources */,
			);
			buildRules = (
			);
			dependencies = (
			);
			fileSystemSynchronizedGroups = (
				230AB0B32D5C40DF00479ADA /* SwiftUIDay03ex02 */,
			);
			name = SwiftUIDay03ex02;
			packageProductDependencies = (
			);
			productName = SwiftUIDay03ex02;
			productReference = 230AB0B12D5C40DF00479ADA /* SwiftUIDay03ex02.app */;
			productType = "com.apple.product-type.application";
		};
		230AB0C02D5C40E000479ADA /* SwiftUIDay03ex02Tests */ = {
			isa = PBXNativeTarget;
			buildConfigurationList = 230AB0D82D5C40E000479ADA /* Build configuration list for PBXNativeTarget "SwiftUIDay03ex02Tests" */;
			buildPhases = (
				230AB0BD2D5C40E000479ADA /* Sources */,
				230AB0BE2D5C40E000479ADA /* Frameworks */,
				230AB0BF2D5C40E000479ADA /* Resources */,
			);
			buildRules = (
			);
			dependencies = (
				230AB0C32D5C40E000479ADA /* PBXTargetDependency */,
			);
			fileSystemSynchronizedGroups = (
				230AB0C42D5C40E000479ADA /* SwiftUIDay03ex02Tests */,
			);
			name = SwiftUIDay03ex02Tests;
			packageProductDependencies = (
			);
			productName = SwiftUIDay03ex02Tests;
			productReference = 230AB0C12D5C40E000479ADA /* SwiftUIDay03ex02Tests.xctest */;
			productType = "com.apple.product-type.bundle.unit-test";
		};
		230AB0CA2D5C40E000479ADA /* SwiftUIDay03ex02UITests */ = {
			isa = PBXNativeTarget;
			buildConfigurationList = 230AB0DB2D5C40E000479ADA /* Build configuration list for PBXNativeTarget "SwiftUIDay03ex02UITests" */;
			buildPhases = (
				230AB0C72D5C40E000479ADA /* Sources */,
				230AB0C82D5C40E000479ADA /* Frameworks */,
				230AB0C92D5C40E000479ADA /* Resources */,
			);
			buildRules = (
			);
			dependencies = (
				230AB0CD2D5C40E000479ADA /* PBXTargetDependency */,
			);
			fileSystemSynchronizedGroups = (
				230AB0CE2D5C40E000479ADA /* SwiftUIDay03ex02UITests */,
			);
			name = SwiftUIDay03ex02UITests;
			packageProductDependencies = (
			);
			productName = SwiftUIDay03ex02UITests;
			productReference = 230AB0CB2D5C40E000479ADA /* SwiftUIDay03ex02UITests.xctest */;
			productType = "com.apple.product-type.bundle.ui-testing";
		};
/* End PBXNativeTarget section */

/* Begin PBXProject section */
		230AB0A92D5C40DF00479ADA /* Project object */ = {
			isa = PBXProject;
			attributes = {
				BuildIndependentTargetsInParallel = 1;
				LastSwiftUpdateCheck = 1620;
				LastUpgradeCheck = 1620;
				TargetAttributes = {
					230AB0B02D5C40DF00479ADA = {
						CreatedOnToolsVersion = 16.2;
					};
					230AB0C02D5C40E000479ADA = {
						CreatedOnToolsVersion = 16.2;
						TestTargetID = 230AB0B02D5C40DF00479ADA;
					};
					230AB0CA2D5C40E000479ADA = {
						CreatedOnToolsVersion = 16.2;
						TestTargetID = 230AB0B02D5C40DF00479ADA;
					};
				};
			};
			buildConfigurationList = 230AB0AC2D5C40DF00479ADA /* Build configuration list for PBXProject "SwiftUIDay03ex02" */;
			developmentRegion = en;
			hasScannedForEncodings = 0;
			knownRegions = (
				en,
				Base,
			);
			mainGroup = 230AB0A82D5C40DF00479ADA;
			minimizedProjectReferenceProxies = 1;
			preferredProjectObjectVersion = 77;
			productRefGroup = 230AB0B22D5C40DF00479ADA /* Products */;
			projectDirPath = "";
			projectRoot = "";
			targets = (
				230AB0B02D5C40DF00479ADA /* SwiftUIDay03ex02 */,
				230AB0C02D5C40E000479ADA /* SwiftUIDay03ex02Tests */,
				230AB0CA2D5C40E000479ADA /* SwiftUIDay03ex02UITests */,
			);
		};
/* End PBXProject section */

/* Begin PBXResourcesBuildPhase section */
		230AB0AF2D5C40DF00479ADA /* Resources */ = {
			isa = PBXResourcesBuildPhase;
			buildActionMask = 2147483647;
			files = (
			);
			runOnlyForDeploymentPostprocessing = 0;
		};
		230AB0BF2D5C40E000479ADA /* Resources */ = {
			isa = PBXResourcesBuildPhase;
			buildActionMask = 2147483647;
			files = (
			);
			runOnlyForDeploymentPostprocessing = 0;
		};
		230AB0C92D5C40E000479ADA /* Resources */ = {
			isa = PBXResourcesBuildPhase;
			buildActionMask = 2147483647;
			files = (
			);
			runOnlyForDeploymentPostprocessing = 0;
		};
/* End PBXResourcesBuildPhase section */

/* Begin PBXSourcesBuildPhase section */
		230AB0AD2D5C40DF00479ADA /* Sources */ = {
			isa = PBXSourcesBuildPhase;
			buildActionMask = 2147483647;
			files = (
			);
			runOnlyForDeploymentPostprocessing = 0;
		};
		230AB0BD2D5C40E000479ADA /* Sources */ = {
			isa = PBXSourcesBuildPhase;
			buildActionMask = 2147483647;
			files = (
			);
			runOnlyForDeploymentPostprocessing = 0;
		};
		230AB0C72D5C40E000479ADA /* Sources */ = {
			isa = PBXSourcesBuildPhase;
			buildActionMask = 2147483647;
			files = (
			);
			runOnlyForDeploymentPostprocessing = 0;
		};
/* End PBXSourcesBuildPhase section */

/* Begin PBXTargetDependency section */
		230AB0C32D5C40E000479ADA /* PBXTargetDependency */ = {
			isa = PBXTargetDependency;
			target = 230AB0B02D5C40DF00479ADA /* SwiftUIDay03ex02 */;
			targetProxy = 230AB0C22D5C40E000479ADA /* PBXContainerItemProxy */;
		};
		230AB0CD2D5C40E000479ADA /* PBXTargetDependency */ = {
			isa = PBXTargetDependency;
			target = 230AB0B02D5C40DF00479ADA /* SwiftUIDay03ex02 */;
			targetProxy = 230AB0CC2D5C40E000479ADA /* PBXContainerItemProxy */;
		};
/* End PBXTargetDependency section */

/* Begin XCBuildConfiguration section */
		230AB0D32D5C40E000479ADA /* Debug */ = {
			isa = XCBuildConfiguration;
			buildSettings = {
				ALWAYS_SEARCH_USER_PATHS = NO;
				ASSETCATALOG_COMPILER_GENERATE_SWIFT_ASSET_SYMBOL_EXTENSIONS = YES;
				CLANG_ANALYZER_NONNULL = YES;
				CLANG_ANALYZER_NUMBER_OBJECT_CONVERSION = YES_AGGRESSIVE;
				CLANG_CXX_LANGUAGE_STANDARD = "gnu++20";
				CLANG_ENABLE_MODULES = YES;
				CLANG_ENABLE_OBJC_ARC = YES;
				CLANG_ENABLE_OBJC_WEAK = YES;
				CLANG_WARN_BLOCK_CAPTURE_AUTORELEASING = YES;
				CLANG_WARN_BOOL_CONVERSION = YES;
				CLANG_WARN_COMMA = YES;
				CLANG_WARN_CONSTANT_CONVERSION = YES;
				CLANG_WARN_DEPRECATED_OBJC_IMPLEMENTATIONS = YES;
				CLANG_WARN_DIRECT_OBJC_ISA_USAGE = YES_ERROR;
				CLANG_WARN_DOCUMENTATION_COMMENTS = YES;
				CLANG_WARN_EMPTY_BODY = YES;
				CLANG_WARN_ENUM_CONVERSION = YES;
				CLANG_WARN_INFINITE_RECURSION = YES;
				CLANG_WARN_INT_CONVERSION = YES;
				CLANG_WARN_NON_LITERAL_NULL_CONVERSION = YES;
				CLANG_WARN_OBJC_IMPLICIT_RETAIN_SELF = YES;
				CLANG_WARN_OBJC_LITERAL_CONVERSION = YES;
				CLANG_WARN_OBJC_ROOT_CLASS = YES_ERROR;
				CLANG_WARN_QUOTED_INCLUDE_IN_FRAMEWORK_HEADER = YES;
				CLANG_WARN_RANGE_LOOP_ANALYSIS = YES;
				CLANG_WARN_STRICT_PROTOTYPES = YES;
				CLANG_WARN_SUSPICIOUS_MOVE = YES;
				CLANG_WARN_UNGUARDED_AVAILABILITY = YES_AGGRESSIVE;
				CLANG_WARN_UNREACHABLE_CODE = YES;
				CLANG_WARN__DUPLICATE_METHOD_MATCH = YES;
				COPY_PHASE_STRIP = NO;
				DEBUG_INFORMATION_FORMAT = dwarf;
				ENABLE_STRICT_OBJC_MSGSEND = YES;
				ENABLE_TESTABILITY = YES;
				ENABLE_USER_SCRIPT_SANDBOXING = YES;
				GCC_C_LANGUAGE_STANDARD = gnu17;
				GCC_DYNAMIC_NO_PIC = NO;
				GCC_NO_COMMON_BLOCKS = YES;
				GCC_OPTIMIZATION_LEVEL = 0;
				GCC_PREPROCESSOR_DEFINITIONS = (
					"DEBUG=1",
					"$(inherited)",
				);
				GCC_WARN_64_TO_32_BIT_CONVERSION = YES;
				GCC_WARN_ABOUT_RETURN_TYPE = YES_ERROR;
				GCC_WARN_UNDECLARED_SELECTOR = YES;
				GCC_WARN_UNINITIALIZED_AUTOS = YES_AGGRESSIVE;
				GCC_WARN_UNUSED_FUNCTION = YES;
				GCC_WARN_UNUSED_VARIABLE = YES;
				IPHONEOS_DEPLOYMENT_TARGET = 18.2;
				LOCALIZATION_PREFERS_STRING_CATALOGS = YES;
				MTL_ENABLE_DEBUG_INFO = INCLUDE_SOURCE;
				MTL_FAST_MATH = YES;
				ONLY_ACTIVE_ARCH = YES;
				SDKROOT = iphoneos;
				SWIFT_ACTIVE_COMPILATION_CONDITIONS = "DEBUG $(inherited)";
				SWIFT_OPTIMIZATION_LEVEL = "-Onone";
			};
			name = Debug;
		};
		230AB0D42D5C40E000479ADA /* Release */ = {
			isa = XCBuildConfiguration;
			buildSettings = {
				ALWAYS_SEARCH_USER_PATHS = NO;
				ASSETCATALOG_COMPILER_GENERATE_SWIFT_ASSET_SYMBOL_EXTENSIONS = YES;
				CLANG_ANALYZER_NONNULL = YES;
				CLANG_ANALYZER_NUMBER_OBJECT_CONVERSION = YES_AGGRESSIVE;
				CLANG_CXX_LANGUAGE_STANDARD = "gnu++20";
				CLANG_ENABLE_MODULES = YES;
				CLANG_ENABLE_OBJC_ARC = YES;
				CLANG_ENABLE_OBJC_WEAK = YES;
				CLANG_WARN_BLOCK_CAPTURE_AUTORELEASING = YES;
				CLANG_WARN_BOOL_CONVERSION = YES;
				CLANG_WARN_COMMA = YES;
				CLANG_WARN_CONSTANT_CONVERSION = YES;
				CLANG_WARN_DEPRECATED_OBJC_IMPLEMENTATIONS = YES;
				CLANG_WARN_DIRECT_OBJC_ISA_USAGE = YES_ERROR;
				CLANG_WARN_DOCUMENTATION_COMMENTS = YES;
				CLANG_WARN_EMPTY_BODY = YES;
				CLANG_WARN_ENUM_CONVERSION = YES;
				CLANG_WARN_INFINITE_RECURSION = YES;
				CLANG_WARN_INT_CONVERSION = YES;
				CLANG_WARN_NON_LITERAL_NULL_CONVERSION = YES;
				CLANG_WARN_OBJC_IMPLICIT_RETAIN_SELF = YES;
				CLANG_WARN_OBJC_LITERAL_CONVERSION = YES;
				CLANG_WARN_OBJC_ROOT_CLASS = YES_ERROR;
				CLANG_WARN_QUOTED_INCLUDE_IN_FRAMEWORK_HEADER = YES;
				CLANG_WARN_RANGE_LOOP_ANALYSIS = YES;
				CLANG_WARN_STRICT_PROTOTYPES = YES;
				CLANG_WARN_SUSPICIOUS_MOVE = YES;
				CLANG_WARN_UNGUARDED_AVAILABILITY = YES_AGGRESSIVE;
				CLANG_WARN_UNREACHABLE_CODE = YES;
				CLANG_WARN__DUPLICATE_METHOD_MATCH = YES;
				COPY_PHASE_STRIP = NO;
				DEBUG_INFORMATION_FORMAT = "dwarf-with-dsym";
				ENABLE_NS_ASSERTIONS = NO;
				ENABLE_STRICT_OBJC_MSGSEND = YES;
				ENABLE_USER_SCRIPT_SANDBOXING = YES;
				GCC_C_LANGUAGE_STANDARD = gnu17;
				GCC_NO_COMMON_BLOCKS = YES;
				GCC_WARN_64_TO_32_BIT_CONVERSION = YES;
				GCC_WARN_ABOUT_RETURN_TYPE = YES_ERROR;
				GCC_WARN_UNDECLARED_SELECTOR = YES;
				GCC_WARN_UNINITIALIZED_AUTOS = YES_AGGRESSIVE;
				GCC_WARN_UNUSED_FUNCTION = YES;
				GCC_WARN_UNUSED_VARIABLE = YES;
				IPHONEOS_DEPLOYMENT_TARGET = 18.2;
				LOCALIZATION_PREFERS_STRING_CATALOGS = YES;
				MTL_ENABLE_DEBUG_INFO = NO;
				MTL_FAST_MATH = YES;
				SDKROOT = iphoneos;
				SWIFT_COMPILATION_MODE = wholemodule;
				VALIDATE_PRODUCT = YES;
			};
			name = Release;
		};
		230AB0D62D5C40E000479ADA /* Debug */ = {
			isa = XCBuildConfiguration;
			buildSettings = {
				ASSETCATALOG_COMPILER_APPICON_NAME = AppIcon;
				ASSETCATALOG_COMPILER_GLOBAL_ACCENT_COLOR_NAME = AccentColor;
				CODE_SIGN_STYLE = Automatic;
				CURRENT_PROJECT_VERSION = 1;
				DEVELOPMENT_ASSET_PATHS = "\"SwiftUIDay03ex02/Preview Content\"";
				DEVELOPMENT_TEAM = M8M62H2D94;
				ENABLE_PREVIEWS = YES;
				GENERATE_INFOPLIST_FILE = YES;
				INFOPLIST_KEY_UIApplicationSceneManifest_Generation = YES;
				INFOPLIST_KEY_UIApplicationSupportsIndirectInputEvents = YES;
				INFOPLIST_KEY_UILaunchScreen_Generation = YES;
				INFOPLIST_KEY_UISupportedInterfaceOrientations_iPad = "UIInterfaceOrientationPortrait UIInterfaceOrientationPortraitUpsideDown UIInterfaceOrientationLandscapeLeft UIInterfaceOrientationLandscapeRight";
				INFOPLIST_KEY_UISupportedInterfaceOrientations_iPhone = "UIInterfaceOrientationPortrait UIInterfaceOrientationLandscapeLeft UIInterfaceOrientationLandscapeRight";
				LD_RUNPATH_SEARCH_PATHS = (
					"$(inherited)",
					"@executable_path/Frameworks",
				);
				MARKETING_VERSION = 1.0;
				PRODUCT_BUNDLE_IDENTIFIER = org.comstudy.myapp.SwiftUIDay03ex02;
				PRODUCT_NAME = "$(TARGET_NAME)";
				SWIFT_EMIT_LOC_STRINGS = YES;
				SWIFT_VERSION = 5.0;
				TARGETED_DEVICE_FAMILY = "1,2";
			};
			name = Debug;
		};
		230AB0D72D5C40E000479ADA /* Release */ = {
			isa = XCBuildConfiguration;
			buildSettings = {
				ASSETCATALOG_COMPILER_APPICON_NAME = AppIcon;
				ASSETCATALOG_COMPILER_GLOBAL_ACCENT_COLOR_NAME = AccentColor;
				CODE_SIGN_STYLE = Automatic;
				CURRENT_PROJECT_VERSION = 1;
				DEVELOPMENT_ASSET_PATHS = "\"SwiftUIDay03ex02/Preview Content\"";
				DEVELOPMENT_TEAM = M8M62H2D94;
				ENABLE_PREVIEWS = YES;
				GENERATE_INFOPLIST_FILE = YES;
				INFOPLIST_KEY_UIApplicationSceneManifest_Generation = YES;
				INFOPLIST_KEY_UIApplicationSupportsIndirectInputEvents = YES;
				INFOPLIST_KEY_UILaunchScreen_Generation = YES;
				INFOPLIST_KEY_UISupportedInterfaceOrientations_iPad = "UIInterfaceOrientationPortrait UIInterfaceOrientationPortraitUpsideDown UIInterfaceOrientationLandscapeLeft UIInterfaceOrientationLandscapeRight";
				INFOPLIST_KEY_UISupportedInterfaceOrientations_iPhone = "UIInterfaceOrientationPortrait UIInterfaceOrientationLandscapeLeft UIInterfaceOrientationLandscapeRight";
				LD_RUNPATH_SEARCH_PATHS = (
					"$(inherited)",
					"@executable_path/Frameworks",
				);
				MARKETING_VERSION = 1.0;
				PRODUCT_BUNDLE_IDENTIFIER = org.comstudy.myapp.SwiftUIDay03ex02;
				PRODUCT_NAME = "$(TARGET_NAME)";
				SWIFT_EMIT_LOC_STRINGS = YES;
				SWIFT_VERSION = 5.0;
				TARGETED_DEVICE_FAMILY = "1,2";
			};
			name = Release;
		};
		230AB0D92D5C40E000479ADA /* Debug */ = {
			isa = XCBuildConfiguration;
			buildSettings = {
				BUNDLE_LOADER = "$(TEST_HOST)";
				CODE_SIGN_STYLE = Automatic;
				CURRENT_PROJECT_VERSION = 1;
				DEVELOPMENT_TEAM = M8M62H2D94;
				GENERATE_INFOPLIST_FILE = YES;
				IPHONEOS_DEPLOYMENT_TARGET = 18.2;
				MARKETING_VERSION = 1.0;
				PRODUCT_BUNDLE_IDENTIFIER = org.comstudy.myapp.SwiftUIDay03ex02Tests;
				PRODUCT_NAME = "$(TARGET_NAME)";
				SWIFT_EMIT_LOC_STRINGS = NO;
				SWIFT_VERSION = 5.0;
				TARGETED_DEVICE_FAMILY = "1,2";
				TEST_HOST = "$(BUILT_PRODUCTS_DIR)/SwiftUIDay03ex02.app/$(BUNDLE_EXECUTABLE_FOLDER_PATH)/SwiftUIDay03ex02";
			};
			name = Debug;
		};
		230AB0DA2D5C40E000479ADA /* Release */ = {
			isa = XCBuildConfiguration;
			buildSettings = {
				BUNDLE_LOADER = "$(TEST_HOST)";
				CODE_SIGN_STYLE = Automatic;
				CURRENT_PROJECT_VERSION = 1;
				DEVELOPMENT_TEAM = M8M62H2D94;
				GENERATE_INFOPLIST_FILE = YES;
				IPHONEOS_DEPLOYMENT_TARGET = 18.2;
				MARKETING_VERSION = 1.0;
				PRODUCT_BUNDLE_IDENTIFIER = org.comstudy.myapp.SwiftUIDay03ex02Tests;
				PRODUCT_NAME = "$(TARGET_NAME)";
				SWIFT_EMIT_LOC_STRINGS = NO;
				SWIFT_VERSION = 5.0;
				TARGETED_DEVICE_FAMILY = "1,2";
				TEST_HOST = "$(BUILT_PRODUCTS_DIR)/SwiftUIDay03ex02.app/$(BUNDLE_EXECUTABLE_FOLDER_PATH)/SwiftUIDay03ex02";
			};
			name = Release;
		};
		230AB0DC2D5C40E000479ADA /* Debug */ = {
			isa = XCBuildConfiguration;
			buildSettings = {
				CODE_SIGN_STYLE = Automatic;
				CURRENT_PROJECT_VERSION = 1;
				DEVELOPMENT_TEAM = M8M62H2D94;
				GENERATE_INFOPLIST_FILE = YES;
				MARKETING_VERSION = 1.0;
				PRODUCT_BUNDLE_IDENTIFIER = org.comstudy.myapp.SwiftUIDay03ex02UITests;
				PRODUCT_NAME = "$(TARGET_NAME)";
				SWIFT_EMIT_LOC_STRINGS = NO;
				SWIFT_VERSION = 5.0;
				TARGETED_DEVICE_FAMILY = "1,2";
				TEST_TARGET_NAME = SwiftUIDay03ex02;
			};
			name = Debug;
		};
		230AB0DD2D5C40E000479ADA /* Release */ = {
			isa = XCBuildConfiguration;
			buildSettings = {
				CODE_SIGN_STYLE = Automatic;
				CURRENT_PROJECT_VERSION = 1;
				DEVELOPMENT_TEAM = M8M62H2D94;
				GENERATE_INFOPLIST_FILE = YES;
				MARKETING_VERSION = 1.0;
				PRODUCT_BUNDLE_IDENTIFIER = org.comstudy.myapp.SwiftUIDay03ex02UITests;
				PRODUCT_NAME = "$(TARGET_NAME)";
				SWIFT_EMIT_LOC_STRINGS = NO;
				SWIFT_VERSION = 5.0;
				TARGETED_DEVICE_FAMILY = "1,2";
				TEST_TARGET_NAME = SwiftUIDay03ex02;
			};
			name = Release;
		};
/* End XCBuildConfiguration section */

/* Begin XCConfigurationList section */
		230AB0AC2D5C40DF00479ADA /* Build configuration list for PBXProject "SwiftUIDay03ex02" */ = {
			isa = XCConfigurationList;
			buildConfigurations = (
				230AB0D32D5C40E000479ADA /* Debug */,
				230AB0D42D5C40E000479ADA /* Release */,
			);
			defaultConfigurationIsVisible = 0;
			defaultConfigurationName = Release;
		};
		230AB0D52D5C40E000479ADA /* Build configuration list for PBXNativeTarget "SwiftUIDay03ex02" */ = {
			isa = XCConfigurationList;
			buildConfigurations = (
				230AB0D62D5C40E000479ADA /* Debug */,
				230AB0D72D5C40E000479ADA /* Release */,
			);
			defaultConfigurationIsVisible = 0;
			defaultConfigurationName = Release;
		};
		230AB0D82D5C40E000479ADA /* Build configuration list for PBXNativeTarget "SwiftUIDay03ex02Tests" */ = {
			isa = XCConfigurationList;
			buildConfigurations = (
				230AB0D92D5C40E000479ADA /* Debug */,
				230AB0DA2D5C40E000479ADA /* Release */,
			);
			defaultConfigurationIsVisible = 0;
			defaultConfigurationName = Release;
		};
		230AB0DB2D5C40E000479ADA /* Build configuration list for PBXNativeTarget "SwiftUIDay03ex02UITests" */ = {
			isa = XCConfigurationList;
			buildConfigurations = (
				230AB0DC2D5C40E000479ADA /* Debug */,
				230AB0DD2D5C40E000479ADA /* Release */,
			);
			defaultConfigurationIsVisible = 0;
			defaultConfigurationName = Release;
		};
/* End XCConfigurationList section */
	};
	rootObject = 230AB0A92D5C40DF00479ADA /* Project object */;
}
